// !$*UTF8*$!
{
	archiveVersion = 1;
	classes = {
	};
	objectVersion = 48;
	objects = {

/* Begin PBXBuildFile section */
		164D47A41168156BD606DCB9 /* libPods-TBGF.a in Frameworks */ = {isa = PBXBuildFile; fileRef = FC70BE31CDF73A51A156BB81 /* libPods-TBGF.a */; };
		830AFB211FD7E1C0005B6D19 /* GfdtViewController.m in Sources */ = {isa = PBXBuildFile; fileRef = 830AFB1F1FD7E1C0005B6D19 /* GfdtViewController.m */; };
		830AFB221FD7E1C0005B6D19 /* GfdtViewController.xib in Resources */ = {isa = PBXBuildFile; fileRef = 830AFB201FD7E1C0005B6D19 /* GfdtViewController.xib */; };
		830AFB631FD7E5D5005B6D19 /* GfnewsTableViewController.m in Sources */ = {isa = PBXBuildFile; fileRef = 830AFB611FD7E5D5005B6D19 /* GfnewsTableViewController.m */; };
		830AFB691FD8EDA2005B6D19 /* SosViewController.m in Sources */ = {isa = PBXBuildFile; fileRef = 830AFB671FD8EDA2005B6D19 /* SosViewController.m */; };
		830AFB6A1FD8EDA2005B6D19 /* SosViewController.xib in Resources */ = {isa = PBXBuildFile; fileRef = 830AFB681FD8EDA2005B6D19 /* SosViewController.xib */; };
		830CE9672019D54C00FC06AF /* NewsViewController.m in Sources */ = {isa = PBXBuildFile; fileRef = 830CE9662019D54C00FC06AF /* NewsViewController.m */; };
		8351D31A1FC81BCD00EFBB9B /* RootViewController.xib in Resources */ = {isa = PBXBuildFile; fileRef = 8351D2F01FC81BCC00EFBB9B /* RootViewController.xib */; };
		8351D31B1FC81BCD00EFBB9B /* RootViewController.m in Sources */ = {isa = PBXBuildFile; fileRef = 8351D2F21FC81BCC00EFBB9B /* RootViewController.m */; };
		8351D31F1FC81C2F00EFBB9B /* MYViewController.m in Sources */ = {isa = PBXBuildFile; fileRef = 8351D31C1FC81C2F00EFBB9B /* MYViewController.m */; };
		8351D3201FC81C2F00EFBB9B /* MYViewController.xib in Resources */ = {isa = PBXBuildFile; fileRef = 8351D31E1FC81C2F00EFBB9B /* MYViewController.xib */; };
		8351D34F1FCBB11900EFBB9B /* MapViewController.m in Sources */ = {isa = PBXBuildFile; fileRef = 8351D34D1FCBB11900EFBB9B /* MapViewController.m */; };
		8351D3501FCBB11900EFBB9B /* MapViewController.xib in Resources */ = {isa = PBXBuildFile; fileRef = 8351D34E1FCBB11900EFBB9B /* MapViewController.xib */; };
		8351D38D1FCC27C500EFBB9B /* MainTabViewController.m in Sources */ = {isa = PBXBuildFile; fileRef = 8351D38C1FCC27C500EFBB9B /* MainTabViewController.m */; };
		8351D3921FCCEF5800EFBB9B /* LoginViewController.m in Sources */ = {isa = PBXBuildFile; fileRef = 8351D3901FCCEF5800EFBB9B /* LoginViewController.m */; };
		8351D3931FCCEF5800EFBB9B /* LoginViewController.xib in Resources */ = {isa = PBXBuildFile; fileRef = 8351D3911FCCEF5800EFBB9B /* LoginViewController.xib */; };
		8351D39B1FCD48D100EFBB9B /* PhoneVerifyViewController.m in Sources */ = {isa = PBXBuildFile; fileRef = 8351D3991FCD48D100EFBB9B /* PhoneVerifyViewController.m */; };
		8351D39C1FCD48D100EFBB9B /* PhoneVerifyViewController.xib in Resources */ = {isa = PBXBuildFile; fileRef = 8351D39A1FCD48D100EFBB9B /* PhoneVerifyViewController.xib */; };
		8351D3A11FCD4E5700EFBB9B /* RegisterViewController.m in Sources */ = {isa = PBXBuildFile; fileRef = 8351D39F1FCD4E5700EFBB9B /* RegisterViewController.m */; };
		8351D3A21FCD4E5700EFBB9B /* RegisterViewController.xib in Resources */ = {isa = PBXBuildFile; fileRef = 8351D3A01FCD4E5700EFBB9B /* RegisterViewController.xib */; };
		8351D3A71FCD50A800EFBB9B /* ChangePasswordViewController.m in Sources */ = {isa = PBXBuildFile; fileRef = 8351D3A51FCD50A800EFBB9B /* ChangePasswordViewController.m */; };
		8351D3A81FCD50A800EFBB9B /* ChangePasswordViewController.xib in Resources */ = {isa = PBXBuildFile; fileRef = 8351D3A61FCD50A800EFBB9B /* ChangePasswordViewController.xib */; };
		8351D3C31FCE5A7200EFBB9B /* GameViewController.m in Sources */ = {isa = PBXBuildFile; fileRef = 8351D3C11FCE5A7200EFBB9B /* GameViewController.m */; };
		8351D3C81FCE9DC200EFBB9B /* ValidateUtil.m in Sources */ = {isa = PBXBuildFile; fileRef = 8351D3C71FCE9DC200EFBB9B /* ValidateUtil.m */; };
		8351D4991FCFF56900EFBB9B /* libAFNetworking.a in Frameworks */ = {isa = PBXBuildFile; fileRef = 8351D49A1FCFF56900EFBB9B /* libAFNetworking.a */; };
		83762D631FD5184A004AFED1 /* MyNewsTableViewCell.m in Sources */ = {isa = PBXBuildFile; fileRef = 83762D621FD5184A004AFED1 /* MyNewsTableViewCell.m */; };
		8382462C1FC556C800995AB9 /* AppDelegate.m in Sources */ = {isa = PBXBuildFile; fileRef = 8382462B1FC556C800995AB9 /* AppDelegate.m */; };
		838246321FC556C800995AB9 /* Main.storyboard in Resources */ = {isa = PBXBuildFile; fileRef = 838246301FC556C800995AB9 /* Main.storyboard */; };
		838246341FC556C800995AB9 /* Assets.xcassets in Resources */ = {isa = PBXBuildFile; fileRef = 838246331FC556C800995AB9 /* Assets.xcassets */; };
		838246371FC556C800995AB9 /* LaunchScreen.storyboard in Resources */ = {isa = PBXBuildFile; fileRef = 838246351FC556C800995AB9 /* LaunchScreen.storyboard */; };
		8382463A1FC556C800995AB9 /* main.m in Sources */ = {isa = PBXBuildFile; fileRef = 838246391FC556C800995AB9 /* main.m */; };
		838246441FC556C800995AB9 /* TBGFTests.m in Sources */ = {isa = PBXBuildFile; fileRef = 838246431FC556C800995AB9 /* TBGFTests.m */; };
		8382464F1FC556C800995AB9 /* TBGFUITests.m in Sources */ = {isa = PBXBuildFile; fileRef = 8382464E1FC556C800995AB9 /* TBGFUITests.m */; };
		83AE0E73201EC5FA007540E0 /* MySettingTableViewCell.m in Sources */ = {isa = PBXBuildFile; fileRef = 83AE0E72201EC5FA007540E0 /* MySettingTableViewCell.m */; };
		83B9A58A1FDA3E2000EEB463 /* EmergencyViewController.m in Sources */ = {isa = PBXBuildFile; fileRef = 83B9A5881FDA3E2000EEB463 /* EmergencyViewController.m */; };
		83B9A58B1FDA3E2000EEB463 /* EmergencyViewController.xib in Resources */ = {isa = PBXBuildFile; fileRef = 83B9A5891FDA3E2000EEB463 /* EmergencyViewController.xib */; };
		83B9A5FC1FDA401C00EEB463 /* sheshizhuangtai.jpg in Resources */ = {isa = PBXBuildFile; fileRef = 83B9A5D71FDA401200EEB463 /* sheshizhuangtai.jpg */; };
		83B9A5FD1FDA401C00EEB463 /* map_icon_normal@2x.png in Resources */ = {isa = PBXBuildFile; fileRef = 83B9A5D81FDA401200EEB463 /* map_icon_normal@2x.png */; };
		83B9A5FE1FDA401C00EEB463 /* pad_exercise.png in Resources */ = {isa = PBXBuildFile; fileRef = 83B9A5D91FDA401200EEB463 /* pad_exercise.png */; };
		83B9A5FF1FDA401C00EEB463 /* my_message.jpg in Resources */ = {isa = PBXBuildFile; fileRef = 83B9A5DA1FDA401300EEB463 /* my_message.jpg */; };
		83B9A6001FDA401C00EEB463 /* my_shoppingcar.jpg in Resources */ = {isa = PBXBuildFile; fileRef = 83B9A5DB1FDA401300EEB463 /* my_shoppingcar.jpg */; };
		83B9A6011FDA401C00EEB463 /* my_icon_selected.png in Resources */ = {isa = PBXBuildFile; fileRef = 83B9A5DC1FDA401300EEB463 /* my_icon_selected.png */; };
		83B9A6021FDA401C00EEB463 /* yingjishusan.jpg in Resources */ = {isa = PBXBuildFile; fileRef = 83B9A5DD1FDA401300EEB463 /* yingjishusan.jpg */; };
		83B9A6031FDA401C00EEB463 /* ditufuwu.jpg in Resources */ = {isa = PBXBuildFile; fileRef = 83B9A5DE1FDA401400EEB463 /* ditufuwu.jpg */; };
		83B9A6041FDA401C00EEB463 /* map_icon_selected.png in Resources */ = {isa = PBXBuildFile; fileRef = 83B9A5DF1FDA401400EEB463 /* map_icon_selected.png */; };
		83B9A6051FDA401C00EEB463 /* military_hotpot.png in Resources */ = {isa = PBXBuildFile; fileRef = 83B9A5E01FDA401400EEB463 /* military_hotpot.png */; };
		83B9A6061FDA401C00EEB463 /* home_icon_normal@2x.png in Resources */ = {isa = PBXBuildFile; fileRef = 83B9A5E11FDA401400EEB463 /* home_icon_normal@2x.png */; };
		83B9A6071FDA401C00EEB463 /* my_collection.jpg in Resources */ = {isa = PBXBuildFile; fileRef = 83B9A5E21FDA401400EEB463 /* my_collection.jpg */; };
		83B9A6081FDA401C00EEB463 /* my_identification.jpg in Resources */ = {isa = PBXBuildFile; fileRef = 83B9A5E31FDA401400EEB463 /* my_identification.jpg */; };
		83B9A6091FDA401C00EEB463 /* transport_rescue.png in Resources */ = {isa = PBXBuildFile; fileRef = 83B9A5E41FDA401500EEB463 /* transport_rescue.png */; };
		83B9A60A1FDA401C00EEB463 /* shangqihezuo.jpg in Resources */ = {isa = PBXBuildFile; fileRef = 83B9A5E51FDA401500EEB463 /* shangqihezuo.jpg */; };
		83B9A60B1FDA401C00EEB463 /* my_icon_normal@2x.png in Resources */ = {isa = PBXBuildFile; fileRef = 83B9A5E61FDA401600EEB463 /* my_icon_normal@2x.png */; };
		83B9A60C1FDA401C00EEB463 /* lixianxiazai.jpg in Resources */ = {isa = PBXBuildFile; fileRef = 83B9A5E71FDA401600EEB463 /* lixianxiazai.jpg */; };
		83B9A60D1FDA401C00EEB463 /* home_icon_selected.png in Resources */ = {isa = PBXBuildFile; fileRef = 83B9A5E81FDA401600EEB463 /* home_icon_selected.png */; };
		83B9A60E1FDA401C00EEB463 /* sosonekey.png in Resources */ = {isa = PBXBuildFile; fileRef = 83B9A5E91FDA401600EEB463 /* sosonekey.png */; };
		83B9A60F1FDA401C00EEB463 /* icon_lanuch.png in Resources */ = {isa = PBXBuildFile; fileRef = 83B9A5EA1FDA401600EEB463 /* icon_lanuch.png */; };
		83B9A6101FDA401C00EEB463 /* bianminfuwu.jpg in Resources */ = {isa = PBXBuildFile; fileRef = 83B9A5EB1FDA401600EEB463 /* bianminfuwu.jpg */; };
		83B9A6111FDA401C00EEB463 /* chemical_defence.png in Resources */ = {isa = PBXBuildFile; fileRef = 83B9A5EC1FDA401600EEB463 /* chemical_defence.png */; };
		83B9A6121FDA401C00EEB463 /* dealing_emergency.png in Resources */ = {isa = PBXBuildFile; fileRef = 83B9A5ED1FDA401600EEB463 /* dealing_emergency.png */; };
		83B9A6131FDA401C00EEB463 /* device_info.png in Resources */ = {isa = PBXBuildFile; fileRef = 83B9A5EE1FDA401700EEB463 /* device_info.png */; };
		83B9A6141FDA401C00EEB463 /* guofangdongtai.jpg in Resources */ = {isa = PBXBuildFile; fileRef = 83B9A5EF1FDA401700EEB463 /* guofangdongtai.jpg */; };
		83B9A6151FDA401C00EEB463 /* pad_news.png in Resources */ = {isa = PBXBuildFile; fileRef = 83B9A5F01FDA401700EEB463 /* pad_news.png */; };
		83B9A6161FDA401C00EEB463 /* jinjiqiujiu.jpg in Resources */ = {isa = PBXBuildFile; fileRef = 83B9A5F11FDA401700EEB463 /* jinjiqiujiu.jpg */; };
		83B9A6171FDA401C00EEB463 /* medical_rescue.png in Resources */ = {isa = PBXBuildFile; fileRef = 83B9A5F21FDA401800EEB463 /* medical_rescue.png */; };
		83B9A6181FDA401C00EEB463 /* pad_culture.png in Resources */ = {isa = PBXBuildFile; fileRef = 83B9A5F31FDA401800EEB463 /* pad_culture.png */; };
		83B9A6191FDA401C00EEB463 /* public_order.png in Resources */ = {isa = PBXBuildFile; fileRef = 83B9A5F41FDA401800EEB463 /* public_order.png */; };
		83B9A61A1FDA401C00EEB463 /* guofangzhishi.jpg in Resources */ = {isa = PBXBuildFile; fileRef = 83B9A5F51FDA401800EEB463 /* guofangzhishi.jpg */; };
		83B9A61B1FDA401C00EEB463 /* qunzhongxinsheng.jpg in Resources */ = {isa = PBXBuildFile; fileRef = 83B9A5F61FDA401900EEB463 /* qunzhongxinsheng.jpg */; };
		83B9A61C1FDA401C00EEB463 /* junshiyouxi.jpg in Resources */ = {isa = PBXBuildFile; fileRef = 83B9A5F71FDA401A00EEB463 /* junshiyouxi.jpg */; };
		83B9A61D1FDA401C00EEB463 /* my_setting.jpg in Resources */ = {isa = PBXBuildFile; fileRef = 83B9A5F81FDA401B00EEB463 /* my_setting.jpg */; };
		83B9A61E1FDA401C00EEB463 /* feiji.png in Resources */ = {isa = PBXBuildFile; fileRef = 83B9A5F91FDA401B00EEB463 /* feiji.png */; };
		83B9A61F1FDA401C00EEB463 /* communication_rescue.png in Resources */ = {isa = PBXBuildFile; fileRef = 83B9A5FA1FDA401C00EEB463 /* communication_rescue.png */; };
		83B9A6201FDA401C00EEB463 /* my_binding.jpg in Resources */ = {isa = PBXBuildFile; fileRef = 83B9A5FB1FDA401C00EEB463 /* my_binding.jpg */; };
		83C0ED772011F6A500EA48F0 /* SingleLocDemoViewController.xib in Resources */ = {isa = PBXBuildFile; fileRef = 83C0ED742011F6A500EA48F0 /* SingleLocDemoViewController.xib */; };
		83C0ED782011F6A500EA48F0 /* SingleLocDemoViewController.m in Sources */ = {isa = PBXBuildFile; fileRef = 83C0ED752011F6A500EA48F0 /* SingleLocDemoViewController.m */; };
		83C0ED7B2011F6F200EA48F0 /* MyLocation.m in Sources */ = {isa = PBXBuildFile; fileRef = 83C0ED7A2011F6F200EA48F0 /* MyLocation.m */; };
		83CCA5401FDA664500D90B56 /* SystemConfiguration.framework in Frameworks */ = {isa = PBXBuildFile; fileRef = 83CCA53F1FDA663500D90B56 /* SystemConfiguration.framework */; };
		83CCA5421FDA665700D90B56 /* libc++.tbd in Frameworks */ = {isa = PBXBuildFile; fileRef = 83CCA5411FDA665600D90B56 /* libc++.tbd */; };
		83CCA5441FDA666100D90B56 /* libz.tbd in Frameworks */ = {isa = PBXBuildFile; fileRef = 83CCA5431FDA666000D90B56 /* libz.tbd */; };
		83CCA5461FDA667900D90B56 /* CoreTelephony.framework in Frameworks */ = {isa = PBXBuildFile; fileRef = 83CCA5451FDA666C00D90B56 /* CoreTelephony.framework */; };
		83CCA5481FDA66B400D90B56 /* QuartzCore.framework in Frameworks */ = {isa = PBXBuildFile; fileRef = 83CCA5471FDA66A800D90B56 /* QuartzCore.framework */; };
		83CCA54A1FDA66C400D90B56 /* CoreText.framework in Frameworks */ = {isa = PBXBuildFile; fileRef = 83CCA5491FDA66BC00D90B56 /* CoreText.framework */; };
		83CCA54C1FDA66DA00D90B56 /* CoreGraphics.framework in Frameworks */ = {isa = PBXBuildFile; fileRef = 83CCA54B1FDA66D200D90B56 /* CoreGraphics.framework */; };
		83CCA54E1FDA66E900D90B56 /* UIKit.framework in Frameworks */ = {isa = PBXBuildFile; fileRef = 83CCA54D1FDA66E200D90B56 /* UIKit.framework */; };
		83CCA5501FDA670F00D90B56 /* Foundation.framework in Frameworks */ = {isa = PBXBuildFile; fileRef = 83CCA54F1FDA670400D90B56 /* Foundation.framework */; };
		83CCA5521FDA672300D90B56 /* CFNetwork.framework in Frameworks */ = {isa = PBXBuildFile; fileRef = 83CCA5511FDA671900D90B56 /* CFNetwork.framework */; };
		83CCA5541FDA673A00D90B56 /* CoreMotion.framework in Frameworks */ = {isa = PBXBuildFile; fileRef = 83CCA5531FDA672D00D90B56 /* CoreMotion.framework */; };
		83E2813F1FDA67E2009B8432 /* AlipaySDK.framework in Frameworks */ = {isa = PBXBuildFile; fileRef = 83E2813E1FDA67E2009B8432 /* AlipaySDK.framework */; };
		83E281F51FDA821A009B8432 /* openssl_wrapper.m in Sources */ = {isa = PBXBuildFile; fileRef = 83E281EE1FDA821A009B8432 /* openssl_wrapper.m */; };
		83E281F61FDA821A009B8432 /* APRSASigner.m in Sources */ = {isa = PBXBuildFile; fileRef = 83E281F11FDA821A009B8432 /* APRSASigner.m */; };
		83E281F71FDA821A009B8432 /* APOrderInfo.m in Sources */ = {isa = PBXBuildFile; fileRef = 83E281F31FDA821A009B8432 /* APOrderInfo.m */; };
/* End PBXBuildFile section */

/* Begin PBXContainerItemProxy section */
		838246401FC556C800995AB9 /* PBXContainerItemProxy */ = {
			isa = PBXContainerItemProxy;
			containerPortal = 8382461F1FC556C700995AB9 /* Project object */;
			proxyType = 1;
			remoteGlobalIDString = 838246261FC556C800995AB9;
			remoteInfo = TBGF;
		};
		8382464B1FC556C800995AB9 /* PBXContainerItemProxy */ = {
			isa = PBXContainerItemProxy;
			containerPortal = 8382461F1FC556C700995AB9 /* Project object */;
			proxyType = 1;
			remoteGlobalIDString = 838246261FC556C800995AB9;
			remoteInfo = TBGF;
		};
/* End PBXContainerItemProxy section */

/* Begin PBXFileReference section */
		549D9160A8F8BAE875A1A0BE /* Pods-TBGF.debug.xcconfig */ = {isa = PBXFileReference; includeInIndex = 1; lastKnownFileType = text.xcconfig; name = "Pods-TBGF.debug.xcconfig"; path = "Pods/Target Support Files/Pods-TBGF/Pods-TBGF.debug.xcconfig"; sourceTree = "<group>"; };
		830AFB1E1FD7E1C0005B6D19 /* GfdtViewController.h */ = {isa = PBXFileReference; lastKnownFileType = sourcecode.c.h; path = GfdtViewController.h; sourceTree = "<group>"; };
		830AFB1F1FD7E1C0005B6D19 /* GfdtViewController.m */ = {isa = PBXFileReference; lastKnownFileType = sourcecode.c.objc; path = GfdtViewController.m; sourceTree = "<group>"; };
		830AFB201FD7E1C0005B6D19 /* GfdtViewController.xib */ = {isa = PBXFileReference; lastKnownFileType = file.xib; path = GfdtViewController.xib; sourceTree = "<group>"; };
		830AFB601FD7E5D5005B6D19 /* GfnewsTableViewController.h */ = {isa = PBXFileReference; lastKnownFileType = sourcecode.c.h; path = GfnewsTableViewController.h; sourceTree = "<group>"; };
		830AFB611FD7E5D5005B6D19 /* GfnewsTableViewController.m */ = {isa = PBXFileReference; lastKnownFileType = sourcecode.c.objc; path = GfnewsTableViewController.m; sourceTree = "<group>"; };
		830AFB661FD8EDA2005B6D19 /* SosViewController.h */ = {isa = PBXFileReference; lastKnownFileType = sourcecode.c.h; path = SosViewController.h; sourceTree = "<group>"; };
		830AFB671FD8EDA2005B6D19 /* SosViewController.m */ = {isa = PBXFileReference; lastKnownFileType = sourcecode.c.objc; path = SosViewController.m; sourceTree = "<group>"; };
		830AFB681FD8EDA2005B6D19 /* SosViewController.xib */ = {isa = PBXFileReference; lastKnownFileType = file.xib; path = SosViewController.xib; sourceTree = "<group>"; };
		830CE9652019D54C00FC06AF /* NewsViewController.h */ = {isa = PBXFileReference; lastKnownFileType = sourcecode.c.h; path = NewsViewController.h; sourceTree = "<group>"; };
		830CE9662019D54C00FC06AF /* NewsViewController.m */ = {isa = PBXFileReference; lastKnownFileType = sourcecode.c.objc; path = NewsViewController.m; sourceTree = "<group>"; };
		8351D2F01FC81BCC00EFBB9B /* RootViewController.xib */ = {isa = PBXFileReference; fileEncoding = 4; lastKnownFileType = file.xib; path = RootViewController.xib; sourceTree = "<group>"; };
		8351D2F11FC81BCC00EFBB9B /* RootViewController.h */ = {isa = PBXFileReference; fileEncoding = 4; lastKnownFileType = sourcecode.c.h; path = RootViewController.h; sourceTree = "<group>"; };
		8351D2F21FC81BCC00EFBB9B /* RootViewController.m */ = {isa = PBXFileReference; fileEncoding = 4; lastKnownFileType = sourcecode.c.objc; path = RootViewController.m; sourceTree = "<group>"; };
		8351D31C1FC81C2F00EFBB9B /* MYViewController.m */ = {isa = PBXFileReference; fileEncoding = 4; lastKnownFileType = sourcecode.c.objc; path = MYViewController.m; sourceTree = "<group>"; };
		8351D31D1FC81C2F00EFBB9B /* MYViewController.h */ = {isa = PBXFileReference; fileEncoding = 4; lastKnownFileType = sourcecode.c.h; path = MYViewController.h; sourceTree = "<group>"; };
		8351D31E1FC81C2F00EFBB9B /* MYViewController.xib */ = {isa = PBXFileReference; fileEncoding = 4; lastKnownFileType = file.xib; path = MYViewController.xib; sourceTree = "<group>"; };
		8351D34C1FCBB11900EFBB9B /* MapViewController.h */ = {isa = PBXFileReference; lastKnownFileType = sourcecode.c.h; path = MapViewController.h; sourceTree = "<group>"; };
		8351D34D1FCBB11900EFBB9B /* MapViewController.m */ = {isa = PBXFileReference; lastKnownFileType = sourcecode.c.objc; path = MapViewController.m; sourceTree = "<group>"; };
		8351D34E1FCBB11900EFBB9B /* MapViewController.xib */ = {isa = PBXFileReference; lastKnownFileType = file.xib; path = MapViewController.xib; sourceTree = "<group>"; };
		8351D38B1FCC27C500EFBB9B /* MainTabViewController.h */ = {isa = PBXFileReference; lastKnownFileType = sourcecode.c.h; path = MainTabViewController.h; sourceTree = "<group>"; };
		8351D38C1FCC27C500EFBB9B /* MainTabViewController.m */ = {isa = PBXFileReference; lastKnownFileType = sourcecode.c.objc; path = MainTabViewController.m; sourceTree = "<group>"; };
		8351D38F1FCCEF5800EFBB9B /* LoginViewController.h */ = {isa = PBXFileReference; lastKnownFileType = sourcecode.c.h; path = LoginViewController.h; sourceTree = "<group>"; };
		8351D3901FCCEF5800EFBB9B /* LoginViewController.m */ = {isa = PBXFileReference; lastKnownFileType = sourcecode.c.objc; path = LoginViewController.m; sourceTree = "<group>"; };
		8351D3911FCCEF5800EFBB9B /* LoginViewController.xib */ = {isa = PBXFileReference; lastKnownFileType = file.xib; path = LoginViewController.xib; sourceTree = "<group>"; };
		8351D3981FCD48D100EFBB9B /* PhoneVerifyViewController.h */ = {isa = PBXFileReference; lastKnownFileType = sourcecode.c.h; path = PhoneVerifyViewController.h; sourceTree = "<group>"; };
		8351D3991FCD48D100EFBB9B /* PhoneVerifyViewController.m */ = {isa = PBXFileReference; lastKnownFileType = sourcecode.c.objc; path = PhoneVerifyViewController.m; sourceTree = "<group>"; };
		8351D39A1FCD48D100EFBB9B /* PhoneVerifyViewController.xib */ = {isa = PBXFileReference; lastKnownFileType = file.xib; path = PhoneVerifyViewController.xib; sourceTree = "<group>"; };
		8351D39E1FCD4E5700EFBB9B /* RegisterViewController.h */ = {isa = PBXFileReference; lastKnownFileType = sourcecode.c.h; path = RegisterViewController.h; sourceTree = "<group>"; };
		8351D39F1FCD4E5700EFBB9B /* RegisterViewController.m */ = {isa = PBXFileReference; lastKnownFileType = sourcecode.c.objc; path = RegisterViewController.m; sourceTree = "<group>"; };
		8351D3A01FCD4E5700EFBB9B /* RegisterViewController.xib */ = {isa = PBXFileReference; lastKnownFileType = file.xib; path = RegisterViewController.xib; sourceTree = "<group>"; };
		8351D3A41FCD50A800EFBB9B /* ChangePasswordViewController.h */ = {isa = PBXFileReference; lastKnownFileType = sourcecode.c.h; path = ChangePasswordViewController.h; sourceTree = "<group>"; };
		8351D3A51FCD50A800EFBB9B /* ChangePasswordViewController.m */ = {isa = PBXFileReference; lastKnownFileType = sourcecode.c.objc; path = ChangePasswordViewController.m; sourceTree = "<group>"; };
		8351D3A61FCD50A800EFBB9B /* ChangePasswordViewController.xib */ = {isa = PBXFileReference; lastKnownFileType = file.xib; path = ChangePasswordViewController.xib; sourceTree = "<group>"; };
		8351D3AF1FCE52C800EFBB9B /* WebKit.framework */ = {isa = PBXFileReference; lastKnownFileType = wrapper.framework; name = WebKit.framework; path = System/Library/Frameworks/WebKit.framework; sourceTree = SDKROOT; };
		8351D3C01FCE5A7200EFBB9B /* GameViewController.h */ = {isa = PBXFileReference; lastKnownFileType = sourcecode.c.h; path = GameViewController.h; sourceTree = "<group>"; };
		8351D3C11FCE5A7200EFBB9B /* GameViewController.m */ = {isa = PBXFileReference; lastKnownFileType = sourcecode.c.objc; path = GameViewController.m; sourceTree = "<group>"; };
		8351D3C61FCE9DC200EFBB9B /* ValidateUtil.h */ = {isa = PBXFileReference; lastKnownFileType = sourcecode.c.h; path = ValidateUtil.h; sourceTree = "<group>"; };
		8351D3C71FCE9DC200EFBB9B /* ValidateUtil.m */ = {isa = PBXFileReference; lastKnownFileType = sourcecode.c.objc; path = ValidateUtil.m; sourceTree = "<group>"; };
		8351D49A1FCFF56900EFBB9B /* libAFNetworking.a */ = {isa = PBXFileReference; explicitFileType = archive.ar; path = libAFNetworking.a; sourceTree = BUILT_PRODUCTS_DIR; };
		83762D611FD5184A004AFED1 /* MyNewsTableViewCell.h */ = {isa = PBXFileReference; lastKnownFileType = sourcecode.c.h; path = MyNewsTableViewCell.h; sourceTree = "<group>"; };
		83762D621FD5184A004AFED1 /* MyNewsTableViewCell.m */ = {isa = PBXFileReference; lastKnownFileType = sourcecode.c.objc; path = MyNewsTableViewCell.m; sourceTree = "<group>"; };
		837E190E1FD6713400198A9C /* TBGF.entitlements */ = {isa = PBXFileReference; lastKnownFileType = text.plist.entitlements; path = TBGF.entitlements; sourceTree = "<group>"; };
		837F726D1FD91C0400A51AF6 /* Constant.h */ = {isa = PBXFileReference; lastKnownFileType = sourcecode.c.h; path = Constant.h; sourceTree = "<group>"; };
		838246271FC556C800995AB9 /* TBGF.app */ = {isa = PBXFileReference; explicitFileType = wrapper.application; includeInIndex = 0; path = TBGF.app; sourceTree = BUILT_PRODUCTS_DIR; };
		8382462A1FC556C800995AB9 /* AppDelegate.h */ = {isa = PBXFileReference; lastKnownFileType = sourcecode.c.h; path = AppDelegate.h; sourceTree = "<group>"; };
		8382462B1FC556C800995AB9 /* AppDelegate.m */ = {isa = PBXFileReference; lastKnownFileType = sourcecode.c.objc; path = AppDelegate.m; sourceTree = "<group>"; };
		838246311FC556C800995AB9 /* Base */ = {isa = PBXFileReference; lastKnownFileType = file.storyboard; name = Base; path = Base.lproj/Main.storyboard; sourceTree = "<group>"; };
		838246331FC556C800995AB9 /* Assets.xcassets */ = {isa = PBXFileReference; lastKnownFileType = folder.assetcatalog; path = Assets.xcassets; sourceTree = "<group>"; };
		838246361FC556C800995AB9 /* Base */ = {isa = PBXFileReference; lastKnownFileType = file.storyboard; name = Base; path = Base.lproj/LaunchScreen.storyboard; sourceTree = "<group>"; };
		838246381FC556C800995AB9 /* Info.plist */ = {isa = PBXFileReference; lastKnownFileType = text.plist.xml; path = Info.plist; sourceTree = "<group>"; };
		838246391FC556C800995AB9 /* main.m */ = {isa = PBXFileReference; lastKnownFileType = sourcecode.c.objc; path = main.m; sourceTree = "<group>"; };
		8382463F1FC556C800995AB9 /* TBGFTests.xctest */ = {isa = PBXFileReference; explicitFileType = wrapper.cfbundle; includeInIndex = 0; path = TBGFTests.xctest; sourceTree = BUILT_PRODUCTS_DIR; };
		838246431FC556C800995AB9 /* TBGFTests.m */ = {isa = PBXFileReference; lastKnownFileType = sourcecode.c.objc; path = TBGFTests.m; sourceTree = "<group>"; };
		838246451FC556C800995AB9 /* Info.plist */ = {isa = PBXFileReference; lastKnownFileType = text.plist.xml; path = Info.plist; sourceTree = "<group>"; };
		8382464A1FC556C800995AB9 /* TBGFUITests.xctest */ = {isa = PBXFileReference; explicitFileType = wrapper.cfbundle; includeInIndex = 0; path = TBGFUITests.xctest; sourceTree = BUILT_PRODUCTS_DIR; };
		8382464E1FC556C800995AB9 /* TBGFUITests.m */ = {isa = PBXFileReference; lastKnownFileType = sourcecode.c.objc; path = TBGFUITests.m; sourceTree = "<group>"; };
		838246501FC556C800995AB9 /* Info.plist */ = {isa = PBXFileReference; lastKnownFileType = text.plist.xml; path = Info.plist; sourceTree = "<group>"; };
		83AE0E71201EC5FA007540E0 /* MySettingTableViewCell.h */ = {isa = PBXFileReference; lastKnownFileType = sourcecode.c.h; path = MySettingTableViewCell.h; sourceTree = "<group>"; };
		83AE0E72201EC5FA007540E0 /* MySettingTableViewCell.m */ = {isa = PBXFileReference; lastKnownFileType = sourcecode.c.objc; path = MySettingTableViewCell.m; sourceTree = "<group>"; };
		83B9A5871FDA3E2000EEB463 /* EmergencyViewController.h */ = {isa = PBXFileReference; lastKnownFileType = sourcecode.c.h; path = EmergencyViewController.h; sourceTree = "<group>"; };
		83B9A5881FDA3E2000EEB463 /* EmergencyViewController.m */ = {isa = PBXFileReference; lastKnownFileType = sourcecode.c.objc; path = EmergencyViewController.m; sourceTree = "<group>"; };
		83B9A5891FDA3E2000EEB463 /* EmergencyViewController.xib */ = {isa = PBXFileReference; lastKnownFileType = file.xib; path = EmergencyViewController.xib; sourceTree = "<group>"; };
		83B9A5D71FDA401200EEB463 /* sheshizhuangtai.jpg */ = {isa = PBXFileReference; lastKnownFileType = image.jpeg; path = sheshizhuangtai.jpg; sourceTree = "<group>"; };
		83B9A5D81FDA401200EEB463 /* map_icon_normal@2x.png */ = {isa = PBXFileReference; lastKnownFileType = image.png; path = "map_icon_normal@2x.png"; sourceTree = "<group>"; };
		83B9A5D91FDA401200EEB463 /* pad_exercise.png */ = {isa = PBXFileReference; lastKnownFileType = image.png; path = pad_exercise.png; sourceTree = "<group>"; };
		83B9A5DA1FDA401300EEB463 /* my_message.jpg */ = {isa = PBXFileReference; lastKnownFileType = image.jpeg; path = my_message.jpg; sourceTree = "<group>"; };
		83B9A5DB1FDA401300EEB463 /* my_shoppingcar.jpg */ = {isa = PBXFileReference; lastKnownFileType = image.jpeg; path = my_shoppingcar.jpg; sourceTree = "<group>"; };
		83B9A5DC1FDA401300EEB463 /* my_icon_selected.png */ = {isa = PBXFileReference; lastKnownFileType = image.png; path = my_icon_selected.png; sourceTree = "<group>"; };
		83B9A5DD1FDA401300EEB463 /* yingjishusan.jpg */ = {isa = PBXFileReference; lastKnownFileType = image.jpeg; path = yingjishusan.jpg; sourceTree = "<group>"; };
		83B9A5DE1FDA401400EEB463 /* ditufuwu.jpg */ = {isa = PBXFileReference; lastKnownFileType = image.jpeg; path = ditufuwu.jpg; sourceTree = "<group>"; };
		83B9A5DF1FDA401400EEB463 /* map_icon_selected.png */ = {isa = PBXFileReference; lastKnownFileType = image.png; path = map_icon_selected.png; sourceTree = "<group>"; };
		83B9A5E01FDA401400EEB463 /* military_hotpot.png */ = {isa = PBXFileReference; lastKnownFileType = image.png; path = military_hotpot.png; sourceTree = "<group>"; };
		83B9A5E11FDA401400EEB463 /* home_icon_normal@2x.png */ = {isa = PBXFileReference; lastKnownFileType = image.png; path = "home_icon_normal@2x.png"; sourceTree = "<group>"; };
		83B9A5E21FDA401400EEB463 /* my_collection.jpg */ = {isa = PBXFileReference; lastKnownFileType = image.jpeg; path = my_collection.jpg; sourceTree = "<group>"; };
		83B9A5E31FDA401400EEB463 /* my_identification.jpg */ = {isa = PBXFileReference; lastKnownFileType = image.jpeg; path = my_identification.jpg; sourceTree = "<group>"; };
		83B9A5E41FDA401500EEB463 /* transport_rescue.png */ = {isa = PBXFileReference; lastKnownFileType = image.png; path = transport_rescue.png; sourceTree = "<group>"; };
		83B9A5E51FDA401500EEB463 /* shangqihezuo.jpg */ = {isa = PBXFileReference; lastKnownFileType = image.jpeg; path = shangqihezuo.jpg; sourceTree = "<group>"; };
		83B9A5E61FDA401600EEB463 /* my_icon_normal@2x.png */ = {isa = PBXFileReference; lastKnownFileType = image.png; path = "my_icon_normal@2x.png"; sourceTree = "<group>"; };
		83B9A5E71FDA401600EEB463 /* lixianxiazai.jpg */ = {isa = PBXFileReference; lastKnownFileType = image.jpeg; path = lixianxiazai.jpg; sourceTree = "<group>"; };
		83B9A5E81FDA401600EEB463 /* home_icon_selected.png */ = {isa = PBXFileReference; lastKnownFileType = image.png; path = home_icon_selected.png; sourceTree = "<group>"; };
		83B9A5E91FDA401600EEB463 /* sosonekey.png */ = {isa = PBXFileReference; lastKnownFileType = image.png; path = sosonekey.png; sourceTree = "<group>"; };
		83B9A5EA1FDA401600EEB463 /* icon_lanuch.png */ = {isa = PBXFileReference; lastKnownFileType = image.png; path = icon_lanuch.png; sourceTree = "<group>"; };
		83B9A5EB1FDA401600EEB463 /* bianminfuwu.jpg */ = {isa = PBXFileReference; lastKnownFileType = image.jpeg; path = bianminfuwu.jpg; sourceTree = "<group>"; };
		83B9A5EC1FDA401600EEB463 /* chemical_defence.png */ = {isa = PBXFileReference; lastKnownFileType = image.png; path = chemical_defence.png; sourceTree = "<group>"; };
		83B9A5ED1FDA401600EEB463 /* dealing_emergency.png */ = {isa = PBXFileReference; lastKnownFileType = image.png; path = dealing_emergency.png; sourceTree = "<group>"; };
		83B9A5EE1FDA401700EEB463 /* device_info.png */ = {isa = PBXFileReference; lastKnownFileType = image.png; path = device_info.png; sourceTree = "<group>"; };
		83B9A5EF1FDA401700EEB463 /* guofangdongtai.jpg */ = {isa = PBXFileReference; lastKnownFileType = image.jpeg; path = guofangdongtai.jpg; sourceTree = "<group>"; };
		83B9A5F01FDA401700EEB463 /* pad_news.png */ = {isa = PBXFileReference; lastKnownFileType = image.png; path = pad_news.png; sourceTree = "<group>"; };
		83B9A5F11FDA401700EEB463 /* jinjiqiujiu.jpg */ = {isa = PBXFileReference; lastKnownFileType = image.jpeg; path = jinjiqiujiu.jpg; sourceTree = "<group>"; };
		83B9A5F21FDA401800EEB463 /* medical_rescue.png */ = {isa = PBXFileReference; lastKnownFileType = image.png; path = medical_rescue.png; sourceTree = "<group>"; };
		83B9A5F31FDA401800EEB463 /* pad_culture.png */ = {isa = PBXFileReference; lastKnownFileType = image.png; path = pad_culture.png; sourceTree = "<group>"; };
		83B9A5F41FDA401800EEB463 /* public_order.png */ = {isa = PBXFileReference; lastKnownFileType = image.png; path = public_order.png; sourceTree = "<group>"; };
		83B9A5F51FDA401800EEB463 /* guofangzhishi.jpg */ = {isa = PBXFileReference; lastKnownFileType = image.jpeg; path = guofangzhishi.jpg; sourceTree = "<group>"; };
		83B9A5F61FDA401900EEB463 /* qunzhongxinsheng.jpg */ = {isa = PBXFileReference; lastKnownFileType = image.jpeg; path = qunzhongxinsheng.jpg; sourceTree = "<group>"; };
		83B9A5F71FDA401A00EEB463 /* junshiyouxi.jpg */ = {isa = PBXFileReference; lastKnownFileType = image.jpeg; path = junshiyouxi.jpg; sourceTree = "<group>"; };
		83B9A5F81FDA401B00EEB463 /* my_setting.jpg */ = {isa = PBXFileReference; lastKnownFileType = image.jpeg; path = my_setting.jpg; sourceTree = "<group>"; };
		83B9A5F91FDA401B00EEB463 /* feiji.png */ = {isa = PBXFileReference; lastKnownFileType = image.png; path = feiji.png; sourceTree = "<group>"; };
		83B9A5FA1FDA401C00EEB463 /* communication_rescue.png */ = {isa = PBXFileReference; lastKnownFileType = image.png; path = communication_rescue.png; sourceTree = "<group>"; };
		83B9A5FB1FDA401C00EEB463 /* my_binding.jpg */ = {isa = PBXFileReference; lastKnownFileType = image.jpeg; path = my_binding.jpg; sourceTree = "<group>"; };
		83C0ED742011F6A500EA48F0 /* SingleLocDemoViewController.xib */ = {isa = PBXFileReference; fileEncoding = 4; lastKnownFileType = file.xib; path = SingleLocDemoViewController.xib; sourceTree = "<group>"; };
		83C0ED752011F6A500EA48F0 /* SingleLocDemoViewController.m */ = {isa = PBXFileReference; fileEncoding = 4; lastKnownFileType = sourcecode.c.objc; path = SingleLocDemoViewController.m; sourceTree = "<group>"; };
		83C0ED762011F6A500EA48F0 /* SingleLocDemoViewController.h */ = {isa = PBXFileReference; fileEncoding = 4; lastKnownFileType = sourcecode.c.h; path = SingleLocDemoViewController.h; sourceTree = "<group>"; };
		83C0ED792011F6F200EA48F0 /* MyLocation.h */ = {isa = PBXFileReference; fileEncoding = 4; lastKnownFileType = sourcecode.c.h; path = MyLocation.h; sourceTree = "<group>"; };
		83C0ED7A2011F6F200EA48F0 /* MyLocation.m */ = {isa = PBXFileReference; fileEncoding = 4; lastKnownFileType = sourcecode.c.objc; path = MyLocation.m; sourceTree = "<group>"; };
		83CCA53F1FDA663500D90B56 /* SystemConfiguration.framework */ = {isa = PBXFileReference; lastKnownFileType = wrapper.framework; name = SystemConfiguration.framework; path = System/Library/Frameworks/SystemConfiguration.framework; sourceTree = SDKROOT; };
		83CCA5411FDA665600D90B56 /* libc++.tbd */ = {isa = PBXFileReference; lastKnownFileType = "sourcecode.text-based-dylib-definition"; name = "libc++.tbd"; path = "usr/lib/libc++.tbd"; sourceTree = SDKROOT; };
		83CCA5431FDA666000D90B56 /* libz.tbd */ = {isa = PBXFileReference; lastKnownFileType = "sourcecode.text-based-dylib-definition"; name = libz.tbd; path = usr/lib/libz.tbd; sourceTree = SDKROOT; };
		83CCA5451FDA666C00D90B56 /* CoreTelephony.framework */ = {isa = PBXFileReference; lastKnownFileType = wrapper.framework; name = CoreTelephony.framework; path = System/Library/Frameworks/CoreTelephony.framework; sourceTree = SDKROOT; };
		83CCA5471FDA66A800D90B56 /* QuartzCore.framework */ = {isa = PBXFileReference; lastKnownFileType = wrapper.framework; name = QuartzCore.framework; path = System/Library/Frameworks/QuartzCore.framework; sourceTree = SDKROOT; };
		83CCA5491FDA66BC00D90B56 /* CoreText.framework */ = {isa = PBXFileReference; lastKnownFileType = wrapper.framework; name = CoreText.framework; path = System/Library/Frameworks/CoreText.framework; sourceTree = SDKROOT; };
		83CCA54B1FDA66D200D90B56 /* CoreGraphics.framework */ = {isa = PBXFileReference; lastKnownFileType = wrapper.framework; name = CoreGraphics.framework; path = System/Library/Frameworks/CoreGraphics.framework; sourceTree = SDKROOT; };
		83CCA54D1FDA66E200D90B56 /* UIKit.framework */ = {isa = PBXFileReference; lastKnownFileType = wrapper.framework; name = UIKit.framework; path = System/Library/Frameworks/UIKit.framework; sourceTree = SDKROOT; };
		83CCA54F1FDA670400D90B56 /* Foundation.framework */ = {isa = PBXFileReference; lastKnownFileType = wrapper.framework; name = Foundation.framework; path = System/Library/Frameworks/Foundation.framework; sourceTree = SDKROOT; };
		83CCA5511FDA671900D90B56 /* CFNetwork.framework */ = {isa = PBXFileReference; lastKnownFileType = wrapper.framework; name = CFNetwork.framework; path = System/Library/Frameworks/CFNetwork.framework; sourceTree = SDKROOT; };
		83CCA5531FDA672D00D90B56 /* CoreMotion.framework */ = {isa = PBXFileReference; lastKnownFileType = wrapper.framework; name = CoreMotion.framework; path = System/Library/Frameworks/CoreMotion.framework; sourceTree = SDKROOT; };
		83E2813E1FDA67E2009B8432 /* AlipaySDK.framework */ = {isa = PBXFileReference; lastKnownFileType = wrapper.framework; path = AlipaySDK.framework; sourceTree = "<group>"; };
		83E281EE1FDA821A009B8432 /* openssl_wrapper.m */ = {isa = PBXFileReference; fileEncoding = 4; lastKnownFileType = sourcecode.c.objc; path = openssl_wrapper.m; sourceTree = "<group>"; };
		83E281EF1FDA821A009B8432 /* APOrderInfo.h */ = {isa = PBXFileReference; fileEncoding = 4; lastKnownFileType = sourcecode.c.h; path = APOrderInfo.h; sourceTree = "<group>"; };
		83E281F01FDA821A009B8432 /* openssl_wrapper.h */ = {isa = PBXFileReference; fileEncoding = 4; lastKnownFileType = sourcecode.c.h; path = openssl_wrapper.h; sourceTree = "<group>"; };
		83E281F11FDA821A009B8432 /* APRSASigner.m */ = {isa = PBXFileReference; fileEncoding = 4; lastKnownFileType = sourcecode.c.objc; path = APRSASigner.m; sourceTree = "<group>"; };
		83E281F21FDA821A009B8432 /* APRSASigner.h */ = {isa = PBXFileReference; fileEncoding = 4; lastKnownFileType = sourcecode.c.h; path = APRSASigner.h; sourceTree = "<group>"; };
		83E281F31FDA821A009B8432 /* APOrderInfo.m */ = {isa = PBXFileReference; fileEncoding = 4; lastKnownFileType = sourcecode.c.objc; path = APOrderInfo.m; sourceTree = "<group>"; };
		83E283731FDA9513009B8432 /* pem2.h */ = {isa = PBXFileReference; fileEncoding = 4; lastKnownFileType = sourcecode.c.h; path = pem2.h; sourceTree = "<group>"; };
		83E283741FDA9513009B8432 /* pem.h */ = {isa = PBXFileReference; fileEncoding = 4; lastKnownFileType = sourcecode.c.h; path = pem.h; sourceTree = "<group>"; };
		83E283751FDA9513009B8432 /* ssl3.h */ = {isa = PBXFileReference; fileEncoding = 4; lastKnownFileType = sourcecode.c.h; path = ssl3.h; sourceTree = "<group>"; };
		83E283761FDA9513009B8432 /* ossl_typ.h */ = {isa = PBXFileReference; fileEncoding = 4; lastKnownFileType = sourcecode.c.h; path = ossl_typ.h; sourceTree = "<group>"; };
		83E283771FDA9513009B8432 /* dtls1.h */ = {isa = PBXFileReference; fileEncoding = 4; lastKnownFileType = sourcecode.c.h; path = dtls1.h; sourceTree = "<group>"; };
		83E283781FDA9513009B8432 /* err.h */ = {isa = PBXFileReference; fileEncoding = 4; lastKnownFileType = sourcecode.c.h; path = err.h; sourceTree = "<group>"; };
		83E283791FDA9513009B8432 /* bn.h */ = {isa = PBXFileReference; fileEncoding = 4; lastKnownFileType = sourcecode.c.h; path = bn.h; sourceTree = "<group>"; };
		83E2837A1FDA9513009B8432 /* blowfish.h */ = {isa = PBXFileReference; fileEncoding = 4; lastKnownFileType = sourcecode.c.h; path = blowfish.h; sourceTree = "<group>"; };
		83E2837B1FDA9513009B8432 /* cms.h */ = {isa = PBXFileReference; fileEncoding = 4; lastKnownFileType = sourcecode.c.h; path = cms.h; sourceTree = "<group>"; };
		83E2837C1FDA9513009B8432 /* engine.h */ = {isa = PBXFileReference; fileEncoding = 4; lastKnownFileType = sourcecode.c.h; path = engine.h; sourceTree = "<group>"; };
		83E2837D1FDA9513009B8432 /* conf_api.h */ = {isa = PBXFileReference; fileEncoding = 4; lastKnownFileType = sourcecode.c.h; path = conf_api.h; sourceTree = "<group>"; };
		83E2837E1FDA9513009B8432 /* x509.h */ = {isa = PBXFileReference; fileEncoding = 4; lastKnownFileType = sourcecode.c.h; path = x509.h; sourceTree = "<group>"; };
		83E2837F1FDA9513009B8432 /* asn1_mac.h */ = {isa = PBXFileReference; fileEncoding = 4; lastKnownFileType = sourcecode.c.h; path = asn1_mac.h; sourceTree = "<group>"; };
		83E283801FDA9513009B8432 /* ui.h */ = {isa = PBXFileReference; fileEncoding = 4; lastKnownFileType = sourcecode.c.h; path = ui.h; sourceTree = "<group>"; };
		83E283811FDA9513009B8432 /* kssl.h */ = {isa = PBXFileReference; fileEncoding = 4; lastKnownFileType = sourcecode.c.h; path = kssl.h; sourceTree = "<group>"; };
		83E283821FDA9513009B8432 /* sha.h */ = {isa = PBXFileReference; fileEncoding = 4; lastKnownFileType = sourcecode.c.h; path = sha.h; sourceTree = "<group>"; };
		83E283831FDA9513009B8432 /* symhacks.h */ = {isa = PBXFileReference; fileEncoding = 4; lastKnownFileType = sourcecode.c.h; path = symhacks.h; sourceTree = "<group>"; };
		83E283841FDA9513009B8432 /* asn1.h */ = {isa = PBXFileReference; fileEncoding = 4; lastKnownFileType = sourcecode.c.h; path = asn1.h; sourceTree = "<group>"; };
		83E283851FDA9513009B8432 /* opensslconf.h */ = {isa = PBXFileReference; fileEncoding = 4; lastKnownFileType = sourcecode.c.h; path = opensslconf.h; sourceTree = "<group>"; };
		83E283861FDA9513009B8432 /* bio.h */ = {isa = PBXFileReference; fileEncoding = 4; lastKnownFileType = sourcecode.c.h; path = bio.h; sourceTree = "<group>"; };
		83E283871FDA9513009B8432 /* rc2.h */ = {isa = PBXFileReference; fileEncoding = 4; lastKnownFileType = sourcecode.c.h; path = rc2.h; sourceTree = "<group>"; };
		83E283881FDA9513009B8432 /* dh.h */ = {isa = PBXFileReference; fileEncoding = 4; lastKnownFileType = sourcecode.c.h; path = dh.h; sourceTree = "<group>"; };
		83E283891FDA9513009B8432 /* ui_compat.h */ = {isa = PBXFileReference; fileEncoding = 4; lastKnownFileType = sourcecode.c.h; path = ui_compat.h; sourceTree = "<group>"; };
		83E2838A1FDA9513009B8432 /* x509v3.h */ = {isa = PBXFileReference; fileEncoding = 4; lastKnownFileType = sourcecode.c.h; path = x509v3.h; sourceTree = "<group>"; };
		83E2838B1FDA9513009B8432 /* ssl23.h */ = {isa = PBXFileReference; fileEncoding = 4; lastKnownFileType = sourcecode.c.h; path = ssl23.h; sourceTree = "<group>"; };
		83E2838C1FDA9513009B8432 /* conf.h */ = {isa = PBXFileReference; fileEncoding = 4; lastKnownFileType = sourcecode.c.h; path = conf.h; sourceTree = "<group>"; };
		83E2838D1FDA9513009B8432 /* md5.h */ = {isa = PBXFileReference; fileEncoding = 4; lastKnownFileType = sourcecode.c.h; path = md5.h; sourceTree = "<group>"; };
		83E2838E1FDA9513009B8432 /* x509_vfy.h */ = {isa = PBXFileReference; fileEncoding = 4; lastKnownFileType = sourcecode.c.h; path = x509_vfy.h; sourceTree = "<group>"; };
		83E2838F1FDA9513009B8432 /* txt_db.h */ = {isa = PBXFileReference; fileEncoding = 4; lastKnownFileType = sourcecode.c.h; path = txt_db.h; sourceTree = "<group>"; };
		83E283901FDA9513009B8432 /* safestack.h */ = {isa = PBXFileReference; fileEncoding = 4; lastKnownFileType = sourcecode.c.h; path = safestack.h; sourceTree = "<group>"; };
		83E283911FDA9513009B8432 /* ecdsa.h */ = {isa = PBXFileReference; fileEncoding = 4; lastKnownFileType = sourcecode.c.h; path = ecdsa.h; sourceTree = "<group>"; };
		83E283921FDA9513009B8432 /* objects.h */ = {isa = PBXFileReference; fileEncoding = 4; lastKnownFileType = sourcecode.c.h; path = objects.h; sourceTree = "<group>"; };
		83E283931FDA9513009B8432 /* pkcs12.h */ = {isa = PBXFileReference; fileEncoding = 4; lastKnownFileType = sourcecode.c.h; path = pkcs12.h; sourceTree = "<group>"; };
		83E283941FDA9513009B8432 /* crypto.h */ = {isa = PBXFileReference; fileEncoding = 4; lastKnownFileType = sourcecode.c.h; path = crypto.h; sourceTree = "<group>"; };
		83E283951FDA9513009B8432 /* opensslv.h */ = {isa = PBXFileReference; fileEncoding = 4; lastKnownFileType = sourcecode.c.h; path = opensslv.h; sourceTree = "<group>"; };
		83E283961FDA9513009B8432 /* pkcs7.h */ = {isa = PBXFileReference; fileEncoding = 4; lastKnownFileType = sourcecode.c.h; path = pkcs7.h; sourceTree = "<group>"; };
		83E283971FDA9513009B8432 /* obj_mac.h */ = {isa = PBXFileReference; fileEncoding = 4; lastKnownFileType = sourcecode.c.h; path = obj_mac.h; sourceTree = "<group>"; };
		83E283981FDA9513009B8432 /* buffer.h */ = {isa = PBXFileReference; fileEncoding = 4; lastKnownFileType = sourcecode.c.h; path = buffer.h; sourceTree = "<group>"; };
		83E283991FDA9513009B8432 /* ssl.h */ = {isa = PBXFileReference; fileEncoding = 4; lastKnownFileType = sourcecode.c.h; path = ssl.h; sourceTree = "<group>"; };
		83E2839A1FDA9513009B8432 /* srp.h */ = {isa = PBXFileReference; fileEncoding = 4; lastKnownFileType = sourcecode.c.h; path = srp.h; sourceTree = "<group>"; };
		83E2839B1FDA9513009B8432 /* camellia.h */ = {isa = PBXFileReference; fileEncoding = 4; lastKnownFileType = sourcecode.c.h; path = camellia.h; sourceTree = "<group>"; };
		83E2839C1FDA9513009B8432 /* evp.h */ = {isa = PBXFileReference; fileEncoding = 4; lastKnownFileType = sourcecode.c.h; path = evp.h; sourceTree = "<group>"; };
		83E2839D1FDA9513009B8432 /* e_os2.h */ = {isa = PBXFileReference; fileEncoding = 4; lastKnownFileType = sourcecode.c.h; path = e_os2.h; sourceTree = "<group>"; };
		83E2839E1FDA9513009B8432 /* md4.h */ = {isa = PBXFileReference; fileEncoding = 4; lastKnownFileType = sourcecode.c.h; path = md4.h; sourceTree = "<group>"; };
		83E2839F1FDA9513009B8432 /* hmac.h */ = {isa = PBXFileReference; fileEncoding = 4; lastKnownFileType = sourcecode.c.h; path = hmac.h; sourceTree = "<group>"; };
		83E283A01FDA9513009B8432 /* aes.h */ = {isa = PBXFileReference; fileEncoding = 4; lastKnownFileType = sourcecode.c.h; path = aes.h; sourceTree = "<group>"; };
		83E283A11FDA9513009B8432 /* comp.h */ = {isa = PBXFileReference; fileEncoding = 4; lastKnownFileType = sourcecode.c.h; path = comp.h; sourceTree = "<group>"; };
		83E283A21FDA9513009B8432 /* cast.h */ = {isa = PBXFileReference; fileEncoding = 4; lastKnownFileType = sourcecode.c.h; path = cast.h; sourceTree = "<group>"; };
		83E283A31FDA9513009B8432 /* rc4.h */ = {isa = PBXFileReference; fileEncoding = 4; lastKnownFileType = sourcecode.c.h; path = rc4.h; sourceTree = "<group>"; };
		83E283A41FDA9513009B8432 /* stack.h */ = {isa = PBXFileReference; fileEncoding = 4; lastKnownFileType = sourcecode.c.h; path = stack.h; sourceTree = "<group>"; };
		83E283A51FDA9513009B8432 /* des.h */ = {isa = PBXFileReference; fileEncoding = 4; lastKnownFileType = sourcecode.c.h; path = des.h; sourceTree = "<group>"; };
		83E283A61FDA9513009B8432 /* ocsp.h */ = {isa = PBXFileReference; fileEncoding = 4; lastKnownFileType = sourcecode.c.h; path = ocsp.h; sourceTree = "<group>"; };
		83E283A71FDA9513009B8432 /* ec.h */ = {isa = PBXFileReference; fileEncoding = 4; lastKnownFileType = sourcecode.c.h; path = ec.h; sourceTree = "<group>"; };
		83E283A81FDA9513009B8432 /* ecdh.h */ = {isa = PBXFileReference; fileEncoding = 4; lastKnownFileType = sourcecode.c.h; path = ecdh.h; sourceTree = "<group>"; };
		83E283A91FDA9513009B8432 /* rand.h */ = {isa = PBXFileReference; fileEncoding = 4; lastKnownFileType = sourcecode.c.h; path = rand.h; sourceTree = "<group>"; };
		83E283AA1FDA9513009B8432 /* ts.h */ = {isa = PBXFileReference; fileEncoding = 4; lastKnownFileType = sourcecode.c.h; path = ts.h; sourceTree = "<group>"; };
		83E283AB1FDA9513009B8432 /* pqueue.h */ = {isa = PBXFileReference; fileEncoding = 4; lastKnownFileType = sourcecode.c.h; path = pqueue.h; sourceTree = "<group>"; };
		83E283AC1FDA9513009B8432 /* dso.h */ = {isa = PBXFileReference; fileEncoding = 4; lastKnownFileType = sourcecode.c.h; path = dso.h; sourceTree = "<group>"; };
		83E283AD1FDA9513009B8432 /* seed.h */ = {isa = PBXFileReference; fileEncoding = 4; lastKnownFileType = sourcecode.c.h; path = seed.h; sourceTree = "<group>"; };
		83E283AE1FDA9513009B8432 /* modes.h */ = {isa = PBXFileReference; fileEncoding = 4; lastKnownFileType = sourcecode.c.h; path = modes.h; sourceTree = "<group>"; };
		83E283AF1FDA9513009B8432 /* ssl2.h */ = {isa = PBXFileReference; fileEncoding = 4; lastKnownFileType = sourcecode.c.h; path = ssl2.h; sourceTree = "<group>"; };
		83E283B01FDA9513009B8432 /* rsa.h */ = {isa = PBXFileReference; fileEncoding = 4; lastKnownFileType = sourcecode.c.h; path = rsa.h; sourceTree = "<group>"; };
		83E283B11FDA9513009B8432 /* krb5_asn.h */ = {isa = PBXFileReference; fileEncoding = 4; lastKnownFileType = sourcecode.c.h; path = krb5_asn.h; sourceTree = "<group>"; };
		83E283B21FDA9513009B8432 /* des_old.h */ = {isa = PBXFileReference; fileEncoding = 4; lastKnownFileType = sourcecode.c.h; path = des_old.h; sourceTree = "<group>"; };
		83E283B31FDA9513009B8432 /* ripemd.h */ = {isa = PBXFileReference; fileEncoding = 4; lastKnownFileType = sourcecode.c.h; path = ripemd.h; sourceTree = "<group>"; };
		83E283B41FDA9513009B8432 /* whrlpool.h */ = {isa = PBXFileReference; fileEncoding = 4; lastKnownFileType = sourcecode.c.h; path = whrlpool.h; sourceTree = "<group>"; };
		83E283B51FDA9513009B8432 /* tls1.h */ = {isa = PBXFileReference; fileEncoding = 4; lastKnownFileType = sourcecode.c.h; path = tls1.h; sourceTree = "<group>"; };
		83E283B61FDA9513009B8432 /* mdc2.h */ = {isa = PBXFileReference; fileEncoding = 4; lastKnownFileType = sourcecode.c.h; path = mdc2.h; sourceTree = "<group>"; };
		83E283B71FDA9513009B8432 /* dsa.h */ = {isa = PBXFileReference; fileEncoding = 4; lastKnownFileType = sourcecode.c.h; path = dsa.h; sourceTree = "<group>"; };
		83E283B81FDA9513009B8432 /* srtp.h */ = {isa = PBXFileReference; fileEncoding = 4; lastKnownFileType = sourcecode.c.h; path = srtp.h; sourceTree = "<group>"; };
		83E283B91FDA9513009B8432 /* asn1t.h */ = {isa = PBXFileReference; fileEncoding = 4; lastKnownFileType = sourcecode.c.h; path = asn1t.h; sourceTree = "<group>"; };
		83E283BA1FDA9513009B8432 /* cmac.h */ = {isa = PBXFileReference; fileEncoding = 4; lastKnownFileType = sourcecode.c.h; path = cmac.h; sourceTree = "<group>"; };
		83E283BB1FDA9513009B8432 /* ebcdic.h */ = {isa = PBXFileReference; fileEncoding = 4; lastKnownFileType = sourcecode.c.h; path = ebcdic.h; sourceTree = "<group>"; };
		83E283BC1FDA9513009B8432 /* idea.h */ = {isa = PBXFileReference; fileEncoding = 4; lastKnownFileType = sourcecode.c.h; path = idea.h; sourceTree = "<group>"; };
		83E283BD1FDA9513009B8432 /* lhash.h */ = {isa = PBXFileReference; fileEncoding = 4; lastKnownFileType = sourcecode.c.h; path = lhash.h; sourceTree = "<group>"; };
		EC777B498D19C256ED6EA8F7 /* Pods-TBGF.release.xcconfig */ = {isa = PBXFileReference; includeInIndex = 1; lastKnownFileType = text.xcconfig; name = "Pods-TBGF.release.xcconfig"; path = "Pods/Target Support Files/Pods-TBGF/Pods-TBGF.release.xcconfig"; sourceTree = "<group>"; };
		FC70BE31CDF73A51A156BB81 /* libPods-TBGF.a */ = {isa = PBXFileReference; explicitFileType = archive.ar; includeInIndex = 0; path = "libPods-TBGF.a"; sourceTree = BUILT_PRODUCTS_DIR; };
/* End PBXFileReference section */

/* Begin PBXFrameworksBuildPhase section */
		838246241FC556C800995AB9 /* Frameworks */ = {
			isa = PBXFrameworksBuildPhase;
			buildActionMask = 2147483647;
			files = (
				83E2813F1FDA67E2009B8432 /* AlipaySDK.framework in Frameworks */,
				83CCA5541FDA673A00D90B56 /* CoreMotion.framework in Frameworks */,
				83CCA5521FDA672300D90B56 /* CFNetwork.framework in Frameworks */,
				83CCA5501FDA670F00D90B56 /* Foundation.framework in Frameworks */,
				83CCA54E1FDA66E900D90B56 /* UIKit.framework in Frameworks */,
				83CCA54C1FDA66DA00D90B56 /* CoreGraphics.framework in Frameworks */,
				83CCA54A1FDA66C400D90B56 /* CoreText.framework in Frameworks */,
				83CCA5481FDA66B400D90B56 /* QuartzCore.framework in Frameworks */,
				83CCA5461FDA667900D90B56 /* CoreTelephony.framework in Frameworks */,
				83CCA5401FDA664500D90B56 /* SystemConfiguration.framework in Frameworks */,
				83CCA5441FDA666100D90B56 /* libz.tbd in Frameworks */,
				83CCA5421FDA665700D90B56 /* libc++.tbd in Frameworks */,
				8351D4991FCFF56900EFBB9B /* libAFNetworking.a in Frameworks */,
				164D47A41168156BD606DCB9 /* libPods-TBGF.a in Frameworks */,
			);
			runOnlyForDeploymentPostprocessing = 0;
		};
		8382463C1FC556C800995AB9 /* Frameworks */ = {
			isa = PBXFrameworksBuildPhase;
			buildActionMask = 2147483647;
			files = (
			);
			runOnlyForDeploymentPostprocessing = 0;
		};
		838246471FC556C800995AB9 /* Frameworks */ = {
			isa = PBXFrameworksBuildPhase;
			buildActionMask = 2147483647;
			files = (
			);
			runOnlyForDeploymentPostprocessing = 0;
		};
/* End PBXFrameworksBuildPhase section */

/* Begin PBXGroup section */
		0B5E21E1921F27385E3CFD51 /* Pods */ = {
			isa = PBXGroup;
			children = (
				549D9160A8F8BAE875A1A0BE /* Pods-TBGF.debug.xcconfig */,
				EC777B498D19C256ED6EA8F7 /* Pods-TBGF.release.xcconfig */,
			);
			name = Pods;
			sourceTree = "<group>";
		};
		7369D0581882CE4BCE1EB4F3 /* Frameworks */ = {
			isa = PBXGroup;
			children = (
				83E2813E1FDA67E2009B8432 /* AlipaySDK.framework */,
				83CCA5531FDA672D00D90B56 /* CoreMotion.framework */,
				83CCA5511FDA671900D90B56 /* CFNetwork.framework */,
				83CCA54F1FDA670400D90B56 /* Foundation.framework */,
				83CCA54D1FDA66E200D90B56 /* UIKit.framework */,
				83CCA54B1FDA66D200D90B56 /* CoreGraphics.framework */,
				83CCA5491FDA66BC00D90B56 /* CoreText.framework */,
				83CCA5471FDA66A800D90B56 /* QuartzCore.framework */,
				83CCA5451FDA666C00D90B56 /* CoreTelephony.framework */,
				83CCA5431FDA666000D90B56 /* libz.tbd */,
				83CCA5411FDA665600D90B56 /* libc++.tbd */,
				83CCA53F1FDA663500D90B56 /* SystemConfiguration.framework */,
				8351D3AF1FCE52C800EFBB9B /* WebKit.framework */,
				8351D49A1FCFF56900EFBB9B /* libAFNetworking.a */,
				FC70BE31CDF73A51A156BB81 /* libPods-TBGF.a */,
			);
			name = Frameworks;
			sourceTree = "<group>";
		};
		830AFB171FD7E078005B6D19 /* 国防动态 */ = {
			isa = PBXGroup;
			children = (
				830AFB5F1FD7E5A7005B6D19 /* 国防新闻 */,
				830AFB1E1FD7E1C0005B6D19 /* GfdtViewController.h */,
				830AFB1F1FD7E1C0005B6D19 /* GfdtViewController.m */,
				830AFB201FD7E1C0005B6D19 /* GfdtViewController.xib */,
			);
			path = "国防动态";
			sourceTree = "<group>";
		};
		830AFB5F1FD7E5A7005B6D19 /* 国防新闻 */ = {
			isa = PBXGroup;
			children = (
				830CE9642019D52C00FC06AF /* 具体新闻页 */,
				830AFB601FD7E5D5005B6D19 /* GfnewsTableViewController.h */,
				830AFB611FD7E5D5005B6D19 /* GfnewsTableViewController.m */,
			);
			path = "国防新闻";
			sourceTree = "<group>";
		};
		830AFB651FD8ED79005B6D19 /* 紧急求救 */ = {
			isa = PBXGroup;
			children = (
				830AFB661FD8EDA2005B6D19 /* SosViewController.h */,
				830AFB671FD8EDA2005B6D19 /* SosViewController.m */,
				830AFB681FD8EDA2005B6D19 /* SosViewController.xib */,
			);
			path = "紧急求救";
			sourceTree = "<group>";
		};
		830CE9642019D52C00FC06AF /* 具体新闻页 */ = {
			isa = PBXGroup;
			children = (
				830CE9652019D54C00FC06AF /* NewsViewController.h */,
				830CE9662019D54C00FC06AF /* NewsViewController.m */,
			);
			path = "具体新闻页";
			sourceTree = "<group>";
		};
		8351D32F1FC8621D00EFBB9B /* 首页 */ = {
			isa = PBXGroup;
			children = (
				83B9A5861FDA3DFF00EEB463 /* 应急疏散 */,
				830AFB651FD8ED79005B6D19 /* 紧急求救 */,
				830AFB171FD7E078005B6D19 /* 国防动态 */,
				8351D3A91FCD656A00EFBB9B /* 游戏 */,
				8351D2F11FC81BCC00EFBB9B /* RootViewController.h */,
				8351D2F21FC81BCC00EFBB9B /* RootViewController.m */,
				8351D2F01FC81BCC00EFBB9B /* RootViewController.xib */,
			);
			path = "首页";
			sourceTree = "<group>";
		};
		8351D3301FC8623E00EFBB9B /* 百度地图 */ = {
			isa = PBXGroup;
			children = (
				83C0ED792011F6F200EA48F0 /* MyLocation.h */,
				83C0ED7A2011F6F200EA48F0 /* MyLocation.m */,
				83C0ED762011F6A500EA48F0 /* SingleLocDemoViewController.h */,
				83C0ED752011F6A500EA48F0 /* SingleLocDemoViewController.m */,
				83C0ED742011F6A500EA48F0 /* SingleLocDemoViewController.xib */,
			);
			path = "百度地图";
			sourceTree = "<group>";
		};
		8351D3311FC8624A00EFBB9B /* 我的 */ = {
			isa = PBXGroup;
			children = (
				8351D31D1FC81C2F00EFBB9B /* MYViewController.h */,
				8351D31C1FC81C2F00EFBB9B /* MYViewController.m */,
				8351D31E1FC81C2F00EFBB9B /* MYViewController.xib */,
			);
			path = "我的";
			sourceTree = "<group>";
		};
		8351D34B1FCBB0D600EFBB9B /* 地图 */ = {
			isa = PBXGroup;
			children = (
				8351D34C1FCBB11900EFBB9B /* MapViewController.h */,
				8351D34D1FCBB11900EFBB9B /* MapViewController.m */,
				8351D34E1FCBB11900EFBB9B /* MapViewController.xib */,
				8351D3301FC8623E00EFBB9B /* 百度地图 */,
			);
			path = "地图";
			sourceTree = "<group>";
		};
		8351D37D1FCC21A900EFBB9B /* 标签页 */ = {
			isa = PBXGroup;
			children = (
				8351D32F1FC8621D00EFBB9B /* 首页 */,
				8351D34B1FCBB0D600EFBB9B /* 地图 */,
				8351D3311FC8624A00EFBB9B /* 我的 */,
				8351D38B1FCC27C500EFBB9B /* MainTabViewController.h */,
				8351D38C1FCC27C500EFBB9B /* MainTabViewController.m */,
			);
			path = "标签页";
			sourceTree = "<group>";
		};
		8351D38E1FCCEF3100EFBB9B /* 登陆 */ = {
			isa = PBXGroup;
			children = (
				8351D3A31FCD507C00EFBB9B /* 忘记密码 */,
				8351D3951FCD3D7F00EFBB9B /* 手机号码验证 */,
				8351D38F1FCCEF5800EFBB9B /* LoginViewController.h */,
				8351D3901FCCEF5800EFBB9B /* LoginViewController.m */,
				8351D3911FCCEF5800EFBB9B /* LoginViewController.xib */,
			);
			path = "登陆";
			sourceTree = "<group>";
		};
		8351D3951FCD3D7F00EFBB9B /* 手机号码验证 */ = {
			isa = PBXGroup;
			children = (
				8351D39D1FCD4E3500EFBB9B /* 注册界面 */,
				8351D3981FCD48D100EFBB9B /* PhoneVerifyViewController.h */,
				8351D3991FCD48D100EFBB9B /* PhoneVerifyViewController.m */,
				8351D39A1FCD48D100EFBB9B /* PhoneVerifyViewController.xib */,
			);
			path = "手机号码验证";
			sourceTree = "<group>";
		};
		8351D39D1FCD4E3500EFBB9B /* 注册界面 */ = {
			isa = PBXGroup;
			children = (
				8351D39E1FCD4E5700EFBB9B /* RegisterViewController.h */,
				8351D39F1FCD4E5700EFBB9B /* RegisterViewController.m */,
				8351D3A01FCD4E5700EFBB9B /* RegisterViewController.xib */,
			);
			path = "注册界面";
			sourceTree = "<group>";
		};
		8351D3A31FCD507C00EFBB9B /* 忘记密码 */ = {
			isa = PBXGroup;
			children = (
				8351D3A41FCD50A800EFBB9B /* ChangePasswordViewController.h */,
				8351D3A51FCD50A800EFBB9B /* ChangePasswordViewController.m */,
				8351D3A61FCD50A800EFBB9B /* ChangePasswordViewController.xib */,
			);
			path = "忘记密码";
			sourceTree = "<group>";
		};
		8351D3A91FCD656A00EFBB9B /* 游戏 */ = {
			isa = PBXGroup;
			children = (
				8351D3C01FCE5A7200EFBB9B /* GameViewController.h */,
				8351D3C11FCE5A7200EFBB9B /* GameViewController.m */,
			);
			path = "游戏";
			sourceTree = "<group>";
		};
		8351D3C51FCE9D8900EFBB9B /* 工具 */ = {
			isa = PBXGroup;
			children = (
				83E281421FDA70D2009B8432 /* 支付宝需要的 */,
				8351D3C61FCE9DC200EFBB9B /* ValidateUtil.h */,
				8351D3C71FCE9DC200EFBB9B /* ValidateUtil.m */,
				837F726D1FD91C0400A51AF6 /* Constant.h */,
			);
			path = "工具";
			sourceTree = "<group>";
		};
		83762D5D1FD4FDA9004AFED1 /* 自定义控件 */ = {
			isa = PBXGroup;
			children = (
				83762D611FD5184A004AFED1 /* MyNewsTableViewCell.h */,
				83762D621FD5184A004AFED1 /* MyNewsTableViewCell.m */,
				83AE0E71201EC5FA007540E0 /* MySettingTableViewCell.h */,
				83AE0E72201EC5FA007540E0 /* MySettingTableViewCell.m */,
			);
			path = "自定义控件";
			sourceTree = "<group>";
		};
		837F72B81FD9451C00A51AF6 /* Resourses */ = {
			isa = PBXGroup;
			children = (
				837F72B91FD9452700A51AF6 /* images */,
			);
			path = Resourses;
			sourceTree = "<group>";
		};
		837F72B91FD9452700A51AF6 /* images */ = {
			isa = PBXGroup;
			children = (
				83B9A5EB1FDA401600EEB463 /* bianminfuwu.jpg */,
				83B9A5EC1FDA401600EEB463 /* chemical_defence.png */,
				83B9A5FA1FDA401C00EEB463 /* communication_rescue.png */,
				83B9A5ED1FDA401600EEB463 /* dealing_emergency.png */,
				83B9A5EE1FDA401700EEB463 /* device_info.png */,
				83B9A5DE1FDA401400EEB463 /* ditufuwu.jpg */,
				83B9A5F91FDA401B00EEB463 /* feiji.png */,
				83B9A5EF1FDA401700EEB463 /* guofangdongtai.jpg */,
				83B9A5F51FDA401800EEB463 /* guofangzhishi.jpg */,
				83B9A5E11FDA401400EEB463 /* home_icon_normal@2x.png */,
				83B9A5E81FDA401600EEB463 /* home_icon_selected.png */,
				83B9A5EA1FDA401600EEB463 /* icon_lanuch.png */,
				83B9A5F11FDA401700EEB463 /* jinjiqiujiu.jpg */,
				83B9A5F71FDA401A00EEB463 /* junshiyouxi.jpg */,
				83B9A5E71FDA401600EEB463 /* lixianxiazai.jpg */,
				83B9A5D81FDA401200EEB463 /* map_icon_normal@2x.png */,
				83B9A5DF1FDA401400EEB463 /* map_icon_selected.png */,
				83B9A5F21FDA401800EEB463 /* medical_rescue.png */,
				83B9A5E01FDA401400EEB463 /* military_hotpot.png */,
				83B9A5FB1FDA401C00EEB463 /* my_binding.jpg */,
				83B9A5E21FDA401400EEB463 /* my_collection.jpg */,
				83B9A5E61FDA401600EEB463 /* my_icon_normal@2x.png */,
				83B9A5DC1FDA401300EEB463 /* my_icon_selected.png */,
				83B9A5E31FDA401400EEB463 /* my_identification.jpg */,
				83B9A5DA1FDA401300EEB463 /* my_message.jpg */,
				83B9A5F81FDA401B00EEB463 /* my_setting.jpg */,
				83B9A5DB1FDA401300EEB463 /* my_shoppingcar.jpg */,
				83B9A5F31FDA401800EEB463 /* pad_culture.png */,
				83B9A5D91FDA401200EEB463 /* pad_exercise.png */,
				83B9A5F01FDA401700EEB463 /* pad_news.png */,
				83B9A5F41FDA401800EEB463 /* public_order.png */,
				83B9A5F61FDA401900EEB463 /* qunzhongxinsheng.jpg */,
				83B9A5E51FDA401500EEB463 /* shangqihezuo.jpg */,
				83B9A5D71FDA401200EEB463 /* sheshizhuangtai.jpg */,
				83B9A5E91FDA401600EEB463 /* sosonekey.png */,
				83B9A5E41FDA401500EEB463 /* transport_rescue.png */,
				83B9A5DD1FDA401300EEB463 /* yingjishusan.jpg */,
			);
			path = images;
			sourceTree = "<group>";
		};
		8382461E1FC556C700995AB9 = {
			isa = PBXGroup;
			children = (
				837F72B81FD9451C00A51AF6 /* Resourses */,
				838246291FC556C800995AB9 /* TBGF */,
				838246421FC556C800995AB9 /* TBGFTests */,
				8382464D1FC556C800995AB9 /* TBGFUITests */,
				838246281FC556C800995AB9 /* Products */,
				0B5E21E1921F27385E3CFD51 /* Pods */,
				7369D0581882CE4BCE1EB4F3 /* Frameworks */,
			);
			sourceTree = "<group>";
		};
		838246281FC556C800995AB9 /* Products */ = {
			isa = PBXGroup;
			children = (
				838246271FC556C800995AB9 /* TBGF.app */,
				8382463F1FC556C800995AB9 /* TBGFTests.xctest */,
				8382464A1FC556C800995AB9 /* TBGFUITests.xctest */,
			);
			name = Products;
			sourceTree = "<group>";
		};
		838246291FC556C800995AB9 /* TBGF */ = {
			isa = PBXGroup;
			children = (
				837E190E1FD6713400198A9C /* TBGF.entitlements */,
				838246301FC556C800995AB9 /* Main.storyboard */,
				83762D5D1FD4FDA9004AFED1 /* 自定义控件 */,
				8351D3C51FCE9D8900EFBB9B /* 工具 */,
				8351D38E1FCCEF3100EFBB9B /* 登陆 */,
				8351D37D1FCC21A900EFBB9B /* 标签页 */,
				8382462A1FC556C800995AB9 /* AppDelegate.h */,
				8382462B1FC556C800995AB9 /* AppDelegate.m */,
				838246331FC556C800995AB9 /* Assets.xcassets */,
				838246351FC556C800995AB9 /* LaunchScreen.storyboard */,
				838246381FC556C800995AB9 /* Info.plist */,
				838246391FC556C800995AB9 /* main.m */,
			);
			path = TBGF;
			sourceTree = "<group>";
		};
		838246421FC556C800995AB9 /* TBGFTests */ = {
			isa = PBXGroup;
			children = (
				838246431FC556C800995AB9 /* TBGFTests.m */,
				838246451FC556C800995AB9 /* Info.plist */,
			);
			path = TBGFTests;
			sourceTree = "<group>";
		};
		8382464D1FC556C800995AB9 /* TBGFUITests */ = {
			isa = PBXGroup;
			children = (
				8382464E1FC556C800995AB9 /* TBGFUITests.m */,
				838246501FC556C800995AB9 /* Info.plist */,
			);
			path = TBGFUITests;
			sourceTree = "<group>";
		};
		83B9A5861FDA3DFF00EEB463 /* 应急疏散 */ = {
			isa = PBXGroup;
			children = (
				83B9A5871FDA3E2000EEB463 /* EmergencyViewController.h */,
				83B9A5881FDA3E2000EEB463 /* EmergencyViewController.m */,
				83B9A5891FDA3E2000EEB463 /* EmergencyViewController.xib */,
			);
			path = "应急疏散";
			sourceTree = "<group>";
		};
		83E281421FDA70D2009B8432 /* 支付宝需要的 */ = {
			isa = PBXGroup;
			children = (
				83E283721FDA9513009B8432 /* openssl */,
				83E281EF1FDA821A009B8432 /* APOrderInfo.h */,
				83E281F31FDA821A009B8432 /* APOrderInfo.m */,
				83E281F21FDA821A009B8432 /* APRSASigner.h */,
				83E281F11FDA821A009B8432 /* APRSASigner.m */,
				83E281F01FDA821A009B8432 /* openssl_wrapper.h */,
				83E281EE1FDA821A009B8432 /* openssl_wrapper.m */,
			);
			path = "支付宝需要的";
			sourceTree = "<group>";
		};
		83E283721FDA9513009B8432 /* openssl */ = {
			isa = PBXGroup;
			children = (
				83E283731FDA9513009B8432 /* pem2.h */,
				83E283741FDA9513009B8432 /* pem.h */,
				83E283751FDA9513009B8432 /* ssl3.h */,
				83E283761FDA9513009B8432 /* ossl_typ.h */,
				83E283771FDA9513009B8432 /* dtls1.h */,
				83E283781FDA9513009B8432 /* err.h */,
				83E283791FDA9513009B8432 /* bn.h */,
				83E2837A1FDA9513009B8432 /* blowfish.h */,
				83E2837B1FDA9513009B8432 /* cms.h */,
				83E2837C1FDA9513009B8432 /* engine.h */,
				83E2837D1FDA9513009B8432 /* conf_api.h */,
				83E2837E1FDA9513009B8432 /* x509.h */,
				83E2837F1FDA9513009B8432 /* asn1_mac.h */,
				83E283801FDA9513009B8432 /* ui.h */,
				83E283811FDA9513009B8432 /* kssl.h */,
				83E283821FDA9513009B8432 /* sha.h */,
				83E283831FDA9513009B8432 /* symhacks.h */,
				83E283841FDA9513009B8432 /* asn1.h */,
				83E283851FDA9513009B8432 /* opensslconf.h */,
				83E283861FDA9513009B8432 /* bio.h */,
				83E283871FDA9513009B8432 /* rc2.h */,
				83E283881FDA9513009B8432 /* dh.h */,
				83E283891FDA9513009B8432 /* ui_compat.h */,
				83E2838A1FDA9513009B8432 /* x509v3.h */,
				83E2838B1FDA9513009B8432 /* ssl23.h */,
				83E2838C1FDA9513009B8432 /* conf.h */,
				83E2838D1FDA9513009B8432 /* md5.h */,
				83E2838E1FDA9513009B8432 /* x509_vfy.h */,
				83E2838F1FDA9513009B8432 /* txt_db.h */,
				83E283901FDA9513009B8432 /* safestack.h */,
				83E283911FDA9513009B8432 /* ecdsa.h */,
				83E283921FDA9513009B8432 /* objects.h */,
				83E283931FDA9513009B8432 /* pkcs12.h */,
				83E283941FDA9513009B8432 /* crypto.h */,
				83E283951FDA9513009B8432 /* opensslv.h */,
				83E283961FDA9513009B8432 /* pkcs7.h */,
				83E283971FDA9513009B8432 /* obj_mac.h */,
				83E283981FDA9513009B8432 /* buffer.h */,
				83E283991FDA9513009B8432 /* ssl.h */,
				83E2839A1FDA9513009B8432 /* srp.h */,
				83E2839B1FDA9513009B8432 /* camellia.h */,
				83E2839C1FDA9513009B8432 /* evp.h */,
				83E2839D1FDA9513009B8432 /* e_os2.h */,
				83E2839E1FDA9513009B8432 /* md4.h */,
				83E2839F1FDA9513009B8432 /* hmac.h */,
				83E283A01FDA9513009B8432 /* aes.h */,
				83E283A11FDA9513009B8432 /* comp.h */,
				83E283A21FDA9513009B8432 /* cast.h */,
				83E283A31FDA9513009B8432 /* rc4.h */,
				83E283A41FDA9513009B8432 /* stack.h */,
				83E283A51FDA9513009B8432 /* des.h */,
				83E283A61FDA9513009B8432 /* ocsp.h */,
				83E283A71FDA9513009B8432 /* ec.h */,
				83E283A81FDA9513009B8432 /* ecdh.h */,
				83E283A91FDA9513009B8432 /* rand.h */,
				83E283AA1FDA9513009B8432 /* ts.h */,
				83E283AB1FDA9513009B8432 /* pqueue.h */,
				83E283AC1FDA9513009B8432 /* dso.h */,
				83E283AD1FDA9513009B8432 /* seed.h */,
				83E283AE1FDA9513009B8432 /* modes.h */,
				83E283AF1FDA9513009B8432 /* ssl2.h */,
				83E283B01FDA9513009B8432 /* rsa.h */,
				83E283B11FDA9513009B8432 /* krb5_asn.h */,
				83E283B21FDA9513009B8432 /* des_old.h */,
				83E283B31FDA9513009B8432 /* ripemd.h */,
				83E283B41FDA9513009B8432 /* whrlpool.h */,
				83E283B51FDA9513009B8432 /* tls1.h */,
				83E283B61FDA9513009B8432 /* mdc2.h */,
				83E283B71FDA9513009B8432 /* dsa.h */,
				83E283B81FDA9513009B8432 /* srtp.h */,
				83E283B91FDA9513009B8432 /* asn1t.h */,
				83E283BA1FDA9513009B8432 /* cmac.h */,
				83E283BB1FDA9513009B8432 /* ebcdic.h */,
				83E283BC1FDA9513009B8432 /* idea.h */,
				83E283BD1FDA9513009B8432 /* lhash.h */,
			);
			path = openssl;
			sourceTree = "<group>";
		};
/* End PBXGroup section */

/* Begin PBXNativeTarget section */
		838246261FC556C800995AB9 /* TBGF */ = {
			isa = PBXNativeTarget;
			buildConfigurationList = 838246531FC556C800995AB9 /* Build configuration list for PBXNativeTarget "TBGF" */;
			buildPhases = (
				D7636E087DA53921ADD5FF48 /* [CP] Check Pods Manifest.lock */,
				838246231FC556C800995AB9 /* Sources */,
				838246241FC556C800995AB9 /* Frameworks */,
				838246251FC556C800995AB9 /* Resources */,
				060DC2D53EB37412987F8D37 /* [CP] Embed Pods Frameworks */,
				58834BED0AE640FCDA4D5A9C /* [CP] Copy Pods Resources */,
			);
			buildRules = (
			);
			dependencies = (
			);
			name = TBGF;
			productName = TBGF;
			productReference = 838246271FC556C800995AB9 /* TBGF.app */;
			productType = "com.apple.product-type.application";
		};
		8382463E1FC556C800995AB9 /* TBGFTests */ = {
			isa = PBXNativeTarget;
			buildConfigurationList = 838246561FC556C800995AB9 /* Build configuration list for PBXNativeTarget "TBGFTests" */;
			buildPhases = (
				8382463B1FC556C800995AB9 /* Sources */,
				8382463C1FC556C800995AB9 /* Frameworks */,
				8382463D1FC556C800995AB9 /* Resources */,
			);
			buildRules = (
			);
			dependencies = (
				838246411FC556C800995AB9 /* PBXTargetDependency */,
			);
			name = TBGFTests;
			productName = TBGFTests;
			productReference = 8382463F1FC556C800995AB9 /* TBGFTests.xctest */;
			productType = "com.apple.product-type.bundle.unit-test";
		};
		838246491FC556C800995AB9 /* TBGFUITests */ = {
			isa = PBXNativeTarget;
			buildConfigurationList = 838246591FC556C800995AB9 /* Build configuration list for PBXNativeTarget "TBGFUITests" */;
			buildPhases = (
				838246461FC556C800995AB9 /* Sources */,
				838246471FC556C800995AB9 /* Frameworks */,
				838246481FC556C800995AB9 /* Resources */,
			);
			buildRules = (
			);
			dependencies = (
				8382464C1FC556C800995AB9 /* PBXTargetDependency */,
			);
			name = TBGFUITests;
			productName = TBGFUITests;
			productReference = 8382464A1FC556C800995AB9 /* TBGFUITests.xctest */;
			productType = "com.apple.product-type.bundle.ui-testing";
		};
/* End PBXNativeTarget section */

/* Begin PBXProject section */
		8382461F1FC556C700995AB9 /* Project object */ = {
			isa = PBXProject;
			attributes = {
				LastUpgradeCheck = 0900;
				ORGANIZATIONNAME = "张晓东";
				TargetAttributes = {
					838246261FC556C800995AB9 = {
						CreatedOnToolsVersion = 9.0;
						ProvisioningStyle = Manual;
						SystemCapabilities = {
							com.apple.BackgroundModes = {
								enabled = 1;
							};
							com.apple.Push = {
								enabled = 1;
							};
						};
					};
					8382463E1FC556C800995AB9 = {
						CreatedOnToolsVersion = 9.0;
						ProvisioningStyle = Automatic;
						TestTargetID = 838246261FC556C800995AB9;
					};
					838246491FC556C800995AB9 = {
						CreatedOnToolsVersion = 9.0;
						ProvisioningStyle = Automatic;
						TestTargetID = 838246261FC556C800995AB9;
					};
				};
			};
			buildConfigurationList = 838246221FC556C700995AB9 /* Build configuration list for PBXProject "TBGF" */;
			compatibilityVersion = "Xcode 8.0";
			developmentRegion = en;
			hasScannedForEncodings = 0;
			knownRegions = (
				en,
				Base,
			);
			mainGroup = 8382461E1FC556C700995AB9;
			productRefGroup = 838246281FC556C800995AB9 /* Products */;
			projectDirPath = "";
			projectRoot = "";
			targets = (
				838246261FC556C800995AB9 /* TBGF */,
				8382463E1FC556C800995AB9 /* TBGFTests */,
				838246491FC556C800995AB9 /* TBGFUITests */,
			);
		};
/* End PBXProject section */

/* Begin PBXResourcesBuildPhase section */
		838246251FC556C800995AB9 /* Resources */ = {
			isa = PBXResourcesBuildPhase;
			buildActionMask = 2147483647;
			files = (
				838246371FC556C800995AB9 /* LaunchScreen.storyboard in Resources */,
				83B9A6071FDA401C00EEB463 /* my_collection.jpg in Resources */,
				83B9A5FC1FDA401C00EEB463 /* sheshizhuangtai.jpg in Resources */,
				83B9A6101FDA401C00EEB463 /* bianminfuwu.jpg in Resources */,
				83B9A6121FDA401C00EEB463 /* dealing_emergency.png in Resources */,
				83B9A60D1FDA401C00EEB463 /* home_icon_selected.png in Resources */,
				83B9A6111FDA401C00EEB463 /* chemical_defence.png in Resources */,
				8351D31A1FC81BCD00EFBB9B /* RootViewController.xib in Resources */,
				83B9A6091FDA401C00EEB463 /* transport_rescue.png in Resources */,
				830AFB221FD7E1C0005B6D19 /* GfdtViewController.xib in Resources */,
				8351D3A81FCD50A800EFBB9B /* ChangePasswordViewController.xib in Resources */,
				830AFB6A1FD8EDA2005B6D19 /* SosViewController.xib in Resources */,
				83B9A58B1FDA3E2000EEB463 /* EmergencyViewController.xib in Resources */,
				83B9A6051FDA401C00EEB463 /* military_hotpot.png in Resources */,
				83B9A6181FDA401C00EEB463 /* pad_culture.png in Resources */,
				83B9A6141FDA401C00EEB463 /* guofangdongtai.jpg in Resources */,
				83B9A61F1FDA401C00EEB463 /* communication_rescue.png in Resources */,
				83B9A6161FDA401C00EEB463 /* jinjiqiujiu.jpg in Resources */,
				83B9A60C1FDA401C00EEB463 /* lixianxiazai.jpg in Resources */,
				83B9A6001FDA401C00EEB463 /* my_shoppingcar.jpg in Resources */,
				83B9A6021FDA401C00EEB463 /* yingjishusan.jpg in Resources */,
				83B9A6171FDA401C00EEB463 /* medical_rescue.png in Resources */,
				83B9A60A1FDA401C00EEB463 /* shangqihezuo.jpg in Resources */,
				83B9A6191FDA401C00EEB463 /* public_order.png in Resources */,
				8351D3201FC81C2F00EFBB9B /* MYViewController.xib in Resources */,
				83B9A60F1FDA401C00EEB463 /* icon_lanuch.png in Resources */,
				8351D3931FCCEF5800EFBB9B /* LoginViewController.xib in Resources */,
				83B9A5FD1FDA401C00EEB463 /* map_icon_normal@2x.png in Resources */,
				838246341FC556C800995AB9 /* Assets.xcassets in Resources */,
				8351D3A21FCD4E5700EFBB9B /* RegisterViewController.xib in Resources */,
				83B9A61E1FDA401C00EEB463 /* feiji.png in Resources */,
				83C0ED772011F6A500EA48F0 /* SingleLocDemoViewController.xib in Resources */,
				83B9A6061FDA401C00EEB463 /* home_icon_normal@2x.png in Resources */,
				83B9A61A1FDA401C00EEB463 /* guofangzhishi.jpg in Resources */,
				83B9A5FF1FDA401C00EEB463 /* my_message.jpg in Resources */,
				83B9A6011FDA401C00EEB463 /* my_icon_selected.png in Resources */,
				83B9A6201FDA401C00EEB463 /* my_binding.jpg in Resources */,
				8351D3501FCBB11900EFBB9B /* MapViewController.xib in Resources */,
				83B9A60E1FDA401C00EEB463 /* sosonekey.png in Resources */,
				83B9A61D1FDA401C00EEB463 /* my_setting.jpg in Resources */,
				83B9A6131FDA401C00EEB463 /* device_info.png in Resources */,
				8351D39C1FCD48D100EFBB9B /* PhoneVerifyViewController.xib in Resources */,
				83B9A60B1FDA401C00EEB463 /* my_icon_normal@2x.png in Resources */,
				83B9A6081FDA401C00EEB463 /* my_identification.jpg in Resources */,
				83B9A6031FDA401C00EEB463 /* ditufuwu.jpg in Resources */,
				838246321FC556C800995AB9 /* Main.storyboard in Resources */,
				83B9A6151FDA401C00EEB463 /* pad_news.png in Resources */,
				83B9A6041FDA401C00EEB463 /* map_icon_selected.png in Resources */,
				83B9A61C1FDA401C00EEB463 /* junshiyouxi.jpg in Resources */,
				83B9A61B1FDA401C00EEB463 /* qunzhongxinsheng.jpg in Resources */,
				83B9A5FE1FDA401C00EEB463 /* pad_exercise.png in Resources */,
			);
			runOnlyForDeploymentPostprocessing = 0;
		};
		8382463D1FC556C800995AB9 /* Resources */ = {
			isa = PBXResourcesBuildPhase;
			buildActionMask = 2147483647;
			files = (
			);
			runOnlyForDeploymentPostprocessing = 0;
		};
		838246481FC556C800995AB9 /* Resources */ = {
			isa = PBXResourcesBuildPhase;
			buildActionMask = 2147483647;
			files = (
			);
			runOnlyForDeploymentPostprocessing = 0;
		};
/* End PBXResourcesBuildPhase section */

/* Begin PBXShellScriptBuildPhase section */
		060DC2D53EB37412987F8D37 /* [CP] Embed Pods Frameworks */ = {
			isa = PBXShellScriptBuildPhase;
			buildActionMask = 2147483647;
			files = (
			);
			inputPaths = (
			);
			name = "[CP] Embed Pods Frameworks";
			outputPaths = (
			);
			runOnlyForDeploymentPostprocessing = 0;
			shellPath = /bin/sh;
			shellScript = "\"${SRCROOT}/Pods/Target Support Files/Pods-TBGF/Pods-TBGF-frameworks.sh\"\n";
			showEnvVarsInLog = 0;
		};
		58834BED0AE640FCDA4D5A9C /* [CP] Copy Pods Resources */ = {
			isa = PBXShellScriptBuildPhase;
			buildActionMask = 2147483647;
			files = (
			);
			inputPaths = (
				"${SRCROOT}/Pods/Target Support Files/Pods-TBGF/Pods-TBGF-resources.sh",
				"${PODS_ROOT}/BaiduMapKit/BaiduMapKit/BaiduMapAPI_Map.framework/Resources/mapapi.bundle",
			);
			name = "[CP] Copy Pods Resources";
			outputPaths = (
				"${TARGET_BUILD_DIR}/${UNLOCALIZED_RESOURCES_FOLDER_PATH}",
			);
			runOnlyForDeploymentPostprocessing = 0;
			shellPath = /bin/sh;
			shellScript = "\"${SRCROOT}/Pods/Target Support Files/Pods-TBGF/Pods-TBGF-resources.sh\"\n";
			showEnvVarsInLog = 0;
		};
		D7636E087DA53921ADD5FF48 /* [CP] Check Pods Manifest.lock */ = {
			isa = PBXShellScriptBuildPhase;
			buildActionMask = 2147483647;
			files = (
			);
			inputPaths = (
				"${PODS_PODFILE_DIR_PATH}/Podfile.lock",
				"${PODS_ROOT}/Manifest.lock",
			);
			name = "[CP] Check Pods Manifest.lock";
			outputPaths = (
				"$(DERIVED_FILE_DIR)/Pods-TBGF-checkManifestLockResult.txt",
			);
			runOnlyForDeploymentPostprocessing = 0;
			shellPath = /bin/sh;
			shellScript = "diff \"${PODS_PODFILE_DIR_PATH}/Podfile.lock\" \"${PODS_ROOT}/Manifest.lock\" > /dev/null\nif [ $? != 0 ] ; then\n    # print error to STDERR\n    echo \"error: The sandbox is not in sync with the Podfile.lock. Run 'pod install' or update your CocoaPods installation.\" >&2\n    exit 1\nfi\n# This output is used by Xcode 'outputs' to avoid re-running this script phase.\necho \"SUCCESS\" > \"${SCRIPT_OUTPUT_FILE_0}\"\n";
			showEnvVarsInLog = 0;
		};
/* End PBXShellScriptBuildPhase section */

/* Begin PBXSourcesBuildPhase section */
		838246231FC556C800995AB9 /* Sources */ = {
			isa = PBXSourcesBuildPhase;
			buildActionMask = 2147483647;
			files = (
				8351D39B1FCD48D100EFBB9B /* PhoneVerifyViewController.m in Sources */,
				8351D31B1FC81BCD00EFBB9B /* RootViewController.m in Sources */,
				83E281F51FDA821A009B8432 /* openssl_wrapper.m in Sources */,
				83E281F61FDA821A009B8432 /* APRSASigner.m in Sources */,
				83C0ED7B2011F6F200EA48F0 /* MyLocation.m in Sources */,
				830AFB211FD7E1C0005B6D19 /* GfdtViewController.m in Sources */,
				83762D631FD5184A004AFED1 /* MyNewsTableViewCell.m in Sources */,
				8382463A1FC556C800995AB9 /* main.m in Sources */,
				8351D3921FCCEF5800EFBB9B /* LoginViewController.m in Sources */,
				8351D3C31FCE5A7200EFBB9B /* GameViewController.m in Sources */,
				83AE0E73201EC5FA007540E0 /* MySettingTableViewCell.m in Sources */,
				83C0ED782011F6A500EA48F0 /* SingleLocDemoViewController.m in Sources */,
				830AFB631FD7E5D5005B6D19 /* GfnewsTableViewController.m in Sources */,
				8382462C1FC556C800995AB9 /* AppDelegate.m in Sources */,
				830AFB691FD8EDA2005B6D19 /* SosViewController.m in Sources */,
				83B9A58A1FDA3E2000EEB463 /* EmergencyViewController.m in Sources */,
				8351D3A11FCD4E5700EFBB9B /* RegisterViewController.m in Sources */,
				8351D34F1FCBB11900EFBB9B /* MapViewController.m in Sources */,
				8351D38D1FCC27C500EFBB9B /* MainTabViewController.m in Sources */,
				8351D3A71FCD50A800EFBB9B /* ChangePasswordViewController.m in Sources */,
				830CE9672019D54C00FC06AF /* NewsViewController.m in Sources */,
				8351D3C81FCE9DC200EFBB9B /* ValidateUtil.m in Sources */,
				8351D31F1FC81C2F00EFBB9B /* MYViewController.m in Sources */,
				83E281F71FDA821A009B8432 /* APOrderInfo.m in Sources */,
			);
			runOnlyForDeploymentPostprocessing = 0;
		};
		8382463B1FC556C800995AB9 /* Sources */ = {
			isa = PBXSourcesBuildPhase;
			buildActionMask = 2147483647;
			files = (
				838246441FC556C800995AB9 /* TBGFTests.m in Sources */,
			);
			runOnlyForDeploymentPostprocessing = 0;
		};
		838246461FC556C800995AB9 /* Sources */ = {
			isa = PBXSourcesBuildPhase;
			buildActionMask = 2147483647;
			files = (
				8382464F1FC556C800995AB9 /* TBGFUITests.m in Sources */,
			);
			runOnlyForDeploymentPostprocessing = 0;
		};
/* End PBXSourcesBuildPhase section */

/* Begin PBXTargetDependency section */
		838246411FC556C800995AB9 /* PBXTargetDependency */ = {
			isa = PBXTargetDependency;
			target = 838246261FC556C800995AB9 /* TBGF */;
			targetProxy = 838246401FC556C800995AB9 /* PBXContainerItemProxy */;
		};
		8382464C1FC556C800995AB9 /* PBXTargetDependency */ = {
			isa = PBXTargetDependency;
			target = 838246261FC556C800995AB9 /* TBGF */;
			targetProxy = 8382464B1FC556C800995AB9 /* PBXContainerItemProxy */;
		};
/* End PBXTargetDependency section */

/* Begin PBXVariantGroup section */
		838246301FC556C800995AB9 /* Main.storyboard */ = {
			isa = PBXVariantGroup;
			children = (
				838246311FC556C800995AB9 /* Base */,
			);
			name = Main.storyboard;
			sourceTree = "<group>";
		};
		838246351FC556C800995AB9 /* LaunchScreen.storyboard */ = {
			isa = PBXVariantGroup;
			children = (
				838246361FC556C800995AB9 /* Base */,
			);
			name = LaunchScreen.storyboard;
			sourceTree = "<group>";
		};
/* End PBXVariantGroup section */

/* Begin XCBuildConfiguration section */
		838246511FC556C800995AB9 /* Debug */ = {
			isa = XCBuildConfiguration;
			buildSettings = {
				ALWAYS_SEARCH_USER_PATHS = NO;
				CLANG_ANALYZER_NONNULL = YES;
				CLANG_ANALYZER_NUMBER_OBJECT_CONVERSION = YES_AGGRESSIVE;
				CLANG_CXX_LANGUAGE_STANDARD = "gnu++14";
				CLANG_CXX_LIBRARY = "libc++";
				CLANG_ENABLE_MODULES = YES;
				CLANG_ENABLE_OBJC_ARC = YES;
				CLANG_WARN_BLOCK_CAPTURE_AUTORELEASING = YES;
				CLANG_WARN_BOOL_CONVERSION = YES;
				CLANG_WARN_COMMA = YES;
				CLANG_WARN_CONSTANT_CONVERSION = YES;
				CLANG_WARN_DIRECT_OBJC_ISA_USAGE = YES_ERROR;
				CLANG_WARN_DOCUMENTATION_COMMENTS = YES;
				CLANG_WARN_EMPTY_BODY = YES;
				CLANG_WARN_ENUM_CONVERSION = YES;
				CLANG_WARN_INFINITE_RECURSION = YES;
				CLANG_WARN_INT_CONVERSION = YES;
				CLANG_WARN_NON_LITERAL_NULL_CONVERSION = YES;
				CLANG_WARN_OBJC_LITERAL_CONVERSION = YES;
				CLANG_WARN_OBJC_ROOT_CLASS = YES_ERROR;
				CLANG_WARN_RANGE_LOOP_ANALYSIS = YES;
				CLANG_WARN_STRICT_PROTOTYPES = YES;
				CLANG_WARN_SUSPICIOUS_MOVE = YES;
				CLANG_WARN_UNGUARDED_AVAILABILITY = YES_AGGRESSIVE;
				CLANG_WARN_UNREACHABLE_CODE = YES;
				CLANG_WARN__DUPLICATE_METHOD_MATCH = YES;
				CODE_SIGN_IDENTITY = "iPhone Developer";
				COPY_PHASE_STRIP = NO;
				DEBUG_INFORMATION_FORMAT = dwarf;
				ENABLE_STRICT_OBJC_MSGSEND = YES;
				ENABLE_TESTABILITY = YES;
				GCC_C_LANGUAGE_STANDARD = gnu11;
				GCC_DYNAMIC_NO_PIC = NO;
				GCC_NO_COMMON_BLOCKS = YES;
				GCC_OPTIMIZATION_LEVEL = 0;
				GCC_PREPROCESSOR_DEFINITIONS = (
					"DEBUG=1",
					"$(inherited)",
				);
				GCC_WARN_64_TO_32_BIT_CONVERSION = YES;
				GCC_WARN_ABOUT_RETURN_TYPE = YES_ERROR;
				GCC_WARN_UNDECLARED_SELECTOR = YES;
				GCC_WARN_UNINITIALIZED_AUTOS = YES_AGGRESSIVE;
				GCC_WARN_UNUSED_FUNCTION = YES;
				GCC_WARN_UNUSED_VARIABLE = YES;
				IPHONEOS_DEPLOYMENT_TARGET = 9.0;
				MTL_ENABLE_DEBUG_INFO = YES;
				ONLY_ACTIVE_ARCH = YES;
				SDKROOT = iphoneos;
			};
			name = Debug;
		};
		838246521FC556C800995AB9 /* Release */ = {
			isa = XCBuildConfiguration;
			buildSettings = {
				ALWAYS_SEARCH_USER_PATHS = NO;
				CLANG_ANALYZER_NONNULL = YES;
				CLANG_ANALYZER_NUMBER_OBJECT_CONVERSION = YES_AGGRESSIVE;
				CLANG_CXX_LANGUAGE_STANDARD = "gnu++14";
				CLANG_CXX_LIBRARY = "libc++";
				CLANG_ENABLE_MODULES = YES;
				CLANG_ENABLE_OBJC_ARC = YES;
				CLANG_WARN_BLOCK_CAPTURE_AUTORELEASING = YES;
				CLANG_WARN_BOOL_CONVERSION = YES;
				CLANG_WARN_COMMA = YES;
				CLANG_WARN_CONSTANT_CONVERSION = YES;
				CLANG_WARN_DIRECT_OBJC_ISA_USAGE = YES_ERROR;
				CLANG_WARN_DOCUMENTATION_COMMENTS = YES;
				CLANG_WARN_EMPTY_BODY = YES;
				CLANG_WARN_ENUM_CONVERSION = YES;
				CLANG_WARN_INFINITE_RECURSION = YES;
				CLANG_WARN_INT_CONVERSION = YES;
				CLANG_WARN_NON_LITERAL_NULL_CONVERSION = YES;
				CLANG_WARN_OBJC_LITERAL_CONVERSION = YES;
				CLANG_WARN_OBJC_ROOT_CLASS = YES_ERROR;
				CLANG_WARN_RANGE_LOOP_ANALYSIS = YES;
				CLANG_WARN_STRICT_PROTOTYPES = YES;
				CLANG_WARN_SUSPICIOUS_MOVE = YES;
				CLANG_WARN_UNGUARDED_AVAILABILITY = YES_AGGRESSIVE;
				CLANG_WARN_UNREACHABLE_CODE = YES;
				CLANG_WARN__DUPLICATE_METHOD_MATCH = YES;
				CODE_SIGN_IDENTITY = "iPhone Developer";
				COPY_PHASE_STRIP = NO;
				DEBUG_INFORMATION_FORMAT = "dwarf-with-dsym";
				ENABLE_NS_ASSERTIONS = NO;
				ENABLE_STRICT_OBJC_MSGSEND = YES;
				GCC_C_LANGUAGE_STANDARD = gnu11;
				GCC_NO_COMMON_BLOCKS = YES;
				GCC_WARN_64_TO_32_BIT_CONVERSION = YES;
				GCC_WARN_ABOUT_RETURN_TYPE = YES_ERROR;
				GCC_WARN_UNDECLARED_SELECTOR = YES;
				GCC_WARN_UNINITIALIZED_AUTOS = YES_AGGRESSIVE;
				GCC_WARN_UNUSED_FUNCTION = YES;
				GCC_WARN_UNUSED_VARIABLE = YES;
				IPHONEOS_DEPLOYMENT_TARGET = 9.0;
				MTL_ENABLE_DEBUG_INFO = NO;
				SDKROOT = iphoneos;
				VALIDATE_PRODUCT = YES;
			};
			name = Release;
		};
		838246541FC556C800995AB9 /* Debug */ = {
			isa = XCBuildConfiguration;
			baseConfigurationReference = 549D9160A8F8BAE875A1A0BE /* Pods-TBGF.debug.xcconfig */;
			buildSettings = {
				ASSETCATALOG_COMPILER_APPICON_NAME = AppIcon;
				CODE_SIGN_ENTITLEMENTS = TBGF/TBGF.entitlements;
				"CODE_SIGN_IDENTITY[sdk=iphoneos*]" = "iPhone Developer";
				CODE_SIGN_STYLE = Manual;
				DEVELOPMENT_TEAM = GQ3UYAW932;
				FRAMEWORK_SEARCH_PATHS = (
					"$(inherited)",
					"$(PROJECT_DIR)",
				);
				"HEADER_SEARCH_PATHS[arch=*]" = (
					"$(inherited)",
					"\"${PODS_ROOT}/Headers/Public\"",
					"\"${PODS_ROOT}/Headers/Public/AFNetworking\"",
					"\"${PODS_ROOT}/Headers/Public/BaiduMapKit\"",
					"\"${PODS_ROOT}/Headers/Public/JCore\"",
					"\"${PODS_ROOT}/Headers/Public/JPush\"",
					"\"$(SRCROOT)/TBGF/工具/支付宝需要的\"",
				);
				INFOPLIST_FILE = TBGF/Info.plist;
				LD_RUNPATH_SEARCH_PATHS = "$(inherited) @executable_path/Frameworks";
				NEW_SETTING = "";
				PRODUCT_BUNDLE_IDENTIFIER = com.zhongtaihulian.taibaoguofang;
				PRODUCT_NAME = "$(TARGET_NAME)";
				PROVISIONING_PROFILE = "3df5137c-dd62-4adf-b224-4ddbc69b65db";
				PROVISIONING_PROFILE_SPECIFIER = tbgf_development;
				TARGETED_DEVICE_FAMILY = "1,2";
				"WARNING_CFLAGS[arch=*]" = "-Wno-documentation";
			};
			name = Debug;
		};
		838246551FC556C800995AB9 /* Release */ = {
			isa = XCBuildConfiguration;
			baseConfigurationReference = EC777B498D19C256ED6EA8F7 /* Pods-TBGF.release.xcconfig */;
			buildSettings = {
				ALWAYS_SEARCH_USER_PATHS = YES;
				ASSETCATALOG_COMPILER_APPICON_NAME = AppIcon;
				CODE_SIGN_ENTITLEMENTS = TBGF/TBGF.entitlements;
				"CODE_SIGN_IDENTITY[sdk=iphoneos*]" = "iPhone Distribution";
				CODE_SIGN_STYLE = Manual;
				DEVELOPMENT_TEAM = GQ3UYAW932;
				FRAMEWORK_SEARCH_PATHS = (
					"$(inherited)",
					"$(PROJECT_DIR)",
				);
				HEADER_SEARCH_PATHS = (
					"$(inherited)",
					"\"${PODS_ROOT}/Headers/Public\"",
					"\"${PODS_ROOT}/Headers/Public/AFNetworking\"",
					"\"${PODS_ROOT}/Headers/Public/BaiduMapKit\"",
					"\"${PODS_ROOT}/Headers/Public/JCore\"",
					"\"${PODS_ROOT}/Headers/Public/JPush\"",
					"\"$(SRCROOT)/TBGF/工具/支付宝需要的\"",
				);
				INFOPLIST_FILE = TBGF/Info.plist;
				LD_RUNPATH_SEARCH_PATHS = "$(inherited) @executable_path/Frameworks";
				NEW_SETTING = "";
				PRODUCT_BUNDLE_IDENTIFIER = com.zhongtaihulian.taibaoguofang;
				PRODUCT_NAME = "$(TARGET_NAME)";
				PROVISIONING_PROFILE = "06de1ed4-51dd-4644-83ec-940be8ccdbac";
				PROVISIONING_PROFILE_SPECIFIER = tbgf_distribution;
				TARGETED_DEVICE_FAMILY = "1,2";
				WARNING_CFLAGS = "-Wno-documentation";
			};
			name = Release;
		};
		838246571FC556C800995AB9 /* Debug */ = {
			isa = XCBuildConfiguration;
			buildSettings = {
				BUNDLE_LOADER = "$(TEST_HOST)";
				CODE_SIGN_STYLE = Automatic;
				INFOPLIST_FILE = TBGFTests/Info.plist;
				LD_RUNPATH_SEARCH_PATHS = "$(inherited) @executable_path/Frameworks @loader_path/Frameworks";
				PRODUCT_BUNDLE_IDENTIFIER = "---.TBGFTests";
				PRODUCT_NAME = "$(TARGET_NAME)";
				TARGETED_DEVICE_FAMILY = "1,2";
				TEST_HOST = "$(BUILT_PRODUCTS_DIR)/TBGF.app/TBGF";
			};
			name = Debug;
		};
		838246581FC556C800995AB9 /* Release */ = {
			isa = XCBuildConfiguration;
			buildSettings = {
				BUNDLE_LOADER = "$(TEST_HOST)";
				CODE_SIGN_STYLE = Automatic;
				INFOPLIST_FILE = TBGFTests/Info.plist;
				LD_RUNPATH_SEARCH_PATHS = "$(inherited) @executable_path/Frameworks @loader_path/Frameworks";
				PRODUCT_BUNDLE_IDENTIFIER = "---.TBGFTests";
				PRODUCT_NAME = "$(TARGET_NAME)";
				TARGETED_DEVICE_FAMILY = "1,2";
				TEST_HOST = "$(BUILT_PRODUCTS_DIR)/TBGF.app/TBGF";
			};
			name = Release;
		};
		8382465A1FC556C800995AB9 /* Debug */ = {
			isa = XCBuildConfiguration;
			buildSettings = {
				CODE_SIGN_STYLE = Automatic;
				INFOPLIST_FILE = TBGFUITests/Info.plist;
				LD_RUNPATH_SEARCH_PATHS = "$(inherited) @executable_path/Frameworks @loader_path/Frameworks";
				PRODUCT_BUNDLE_IDENTIFIER = "---.TBGFUITests";
				PRODUCT_NAME = "$(TARGET_NAME)";
				TARGETED_DEVICE_FAMILY = "1,2";
				TEST_TARGET_NAME = TBGF;
			};
			name = Debug;
		};
		8382465B1FC556C800995AB9 /* Release */ = {
			isa = XCBuildConfiguration;
			buildSettings = {
				CODE_SIGN_STYLE = Automatic;
				INFOPLIST_FILE = TBGFUITests/Info.plist;
				LD_RUNPATH_SEARCH_PATHS = "$(inherited) @executable_path/Frameworks @loader_path/Frameworks";
				PRODUCT_BUNDLE_IDENTIFIER = "---.TBGFUITests";
				PRODUCT_NAME = "$(TARGET_NAME)";
				TARGETED_DEVICE_FAMILY = "1,2";
				TEST_TARGET_NAME = TBGF;
			};
			name = Release;
		};
/* End XCBuildConfiguration section */

/* Begin XCConfigurationList section */
		838246221FC556C700995AB9 /* Build configuration list for PBXProject "TBGF" */ = {
			isa = XCConfigurationList;
			buildConfigurations = (
				838246511FC556C800995AB9 /* Debug */,
				838246521FC556C800995AB9 /* Release */,
			);
			defaultConfigurationIsVisible = 0;
			defaultConfigurationName = Release;
		};
		838246531FC556C800995AB9 /* Build configuration list for PBXNativeTarget "TBGF" */ = {
			isa = XCConfigurationList;
			buildConfigurations = (
				838246541FC556C800995AB9 /* Debug */,
				838246551FC556C800995AB9 /* Release */,
			);
			defaultConfigurationIsVisible = 0;
			defaultConfigurationName = Release;
		};
		838246561FC556C800995AB9 /* Build configuration list for PBXNativeTarget "TBGFTests" */ = {
			isa = XCConfigurationList;
			buildConfigurations = (
				838246571FC556C800995AB9 /* Debug */,
				838246581FC556C800995AB9 /* Release */,
			);
			defaultConfigurationIsVisible = 0;
			defaultConfigurationName = Release;
		};
		838246591FC556C800995AB9 /* Build configuration list for PBXNativeTarget "TBGFUITests" */ = {
			isa = XCConfigurationList;
			buildConfigurations = (
				8382465A1FC556C800995AB9 /* Debug */,
				8382465B1FC556C800995AB9 /* Release */,
			);
			defaultConfigurationIsVisible = 0;
			defaultConfigurationName = Release;
		};
/* End XCConfigurationList section */
	};
	rootObject = 8382461F1FC556C700995AB9 /* Project object */;
}
