// !$*UTF8*$!
{
	archiveVersion = 1;
	classes = {
	};
	objectVersion = 48;
	objects = {

/* Begin PBXBuildFile section */
		164D47A41168156BD606DCB9 /* libPods-TBGF.a in Frameworks */ = {isa = PBXBuildFile; fileRef = FC70BE31CDF73A51A156BB81 /* libPods-TBGF.a */; };
		8351D31A1FC81BCD00EFBB9B /* RootViewController.xib in Resources */ = {isa = PBXBuildFile; fileRef = 8351D2F01FC81BCC00EFBB9B /* RootViewController.xib */; };
		8351D31B1FC81BCD00EFBB9B /* RootViewController.m in Sources */ = {isa = PBXBuildFile; fileRef = 8351D2F21FC81BCC00EFBB9B /* RootViewController.m */; };
		8351D31F1FC81C2F00EFBB9B /* MYViewController.m in Sources */ = {isa = PBXBuildFile; fileRef = 8351D31C1FC81C2F00EFBB9B /* MYViewController.m */; };
		8351D3201FC81C2F00EFBB9B /* MYViewController.xib in Resources */ = {isa = PBXBuildFile; fileRef = 8351D31E1FC81C2F00EFBB9B /* MYViewController.xib */; };
		8351D3371FC863B300EFBB9B /* BaiduMapViewController.m in Sources */ = {isa = PBXBuildFile; fileRef = 8351D3351FC863B300EFBB9B /* BaiduMapViewController.m */; };
		8351D34F1FCBB11900EFBB9B /* MapViewController.m in Sources */ = {isa = PBXBuildFile; fileRef = 8351D34D1FCBB11900EFBB9B /* MapViewController.m */; };
		8351D3501FCBB11900EFBB9B /* MapViewController.xib in Resources */ = {isa = PBXBuildFile; fileRef = 8351D34E1FCBB11900EFBB9B /* MapViewController.xib */; };
		8351D38D1FCC27C500EFBB9B /* MainTabViewController.m in Sources */ = {isa = PBXBuildFile; fileRef = 8351D38C1FCC27C500EFBB9B /* MainTabViewController.m */; };
		8351D3921FCCEF5800EFBB9B /* LoginViewController.m in Sources */ = {isa = PBXBuildFile; fileRef = 8351D3901FCCEF5800EFBB9B /* LoginViewController.m */; };
		8351D3931FCCEF5800EFBB9B /* LoginViewController.xib in Resources */ = {isa = PBXBuildFile; fileRef = 8351D3911FCCEF5800EFBB9B /* LoginViewController.xib */; };
		8351D39B1FCD48D100EFBB9B /* PhoneVerifyViewController.m in Sources */ = {isa = PBXBuildFile; fileRef = 8351D3991FCD48D100EFBB9B /* PhoneVerifyViewController.m */; };
		8351D39C1FCD48D100EFBB9B /* PhoneVerifyViewController.xib in Resources */ = {isa = PBXBuildFile; fileRef = 8351D39A1FCD48D100EFBB9B /* PhoneVerifyViewController.xib */; };
		8351D3A11FCD4E5700EFBB9B /* RegisterViewController.m in Sources */ = {isa = PBXBuildFile; fileRef = 8351D39F1FCD4E5700EFBB9B /* RegisterViewController.m */; };
		8351D3A21FCD4E5700EFBB9B /* RegisterViewController.xib in Resources */ = {isa = PBXBuildFile; fileRef = 8351D3A01FCD4E5700EFBB9B /* RegisterViewController.xib */; };
		8351D3A71FCD50A800EFBB9B /* ChangePasswordViewController.m in Sources */ = {isa = PBXBuildFile; fileRef = 8351D3A51FCD50A800EFBB9B /* ChangePasswordViewController.m */; };
		8351D3A81FCD50A800EFBB9B /* ChangePasswordViewController.xib in Resources */ = {isa = PBXBuildFile; fileRef = 8351D3A61FCD50A800EFBB9B /* ChangePasswordViewController.xib */; };
		8351D3C31FCE5A7200EFBB9B /* GameViewController.m in Sources */ = {isa = PBXBuildFile; fileRef = 8351D3C11FCE5A7200EFBB9B /* GameViewController.m */; };
		8351D3C41FCE5A7200EFBB9B /* GameViewController.xib in Resources */ = {isa = PBXBuildFile; fileRef = 8351D3C21FCE5A7200EFBB9B /* GameViewController.xib */; };
		8351D3C81FCE9DC200EFBB9B /* ValidateUtil.m in Sources */ = {isa = PBXBuildFile; fileRef = 8351D3C71FCE9DC200EFBB9B /* ValidateUtil.m */; };
		8351D4991FCFF56900EFBB9B /* libAFNetworking.a in Frameworks */ = {isa = PBXBuildFile; fileRef = 8351D49A1FCFF56900EFBB9B /* libAFNetworking.a */; };
		83762D631FD5184A004AFED1 /* MyTableViewCell.m in Sources */ = {isa = PBXBuildFile; fileRef = 83762D621FD5184A004AFED1 /* MyTableViewCell.m */; };
		83762D7F1FD52E0F004AFED1 /* guofangdongtai.jpg in Resources */ = {isa = PBXBuildFile; fileRef = 83762D661FD52E0F004AFED1 /* guofangdongtai.jpg */; };
		83762D801FD52E0F004AFED1 /* icon_lanuch.png in Resources */ = {isa = PBXBuildFile; fileRef = 83762D671FD52E0F004AFED1 /* icon_lanuch.png */; };
		83762D811FD52E0F004AFED1 /* qunzhongxinsheng.jpg in Resources */ = {isa = PBXBuildFile; fileRef = 83762D681FD52E0F004AFED1 /* qunzhongxinsheng.jpg */; };
		83762D821FD52E0F004AFED1 /* sheshizhuangtai.jpg in Resources */ = {isa = PBXBuildFile; fileRef = 83762D691FD52E0F004AFED1 /* sheshizhuangtai.jpg */; };
		83762D831FD52E0F004AFED1 /* feiji.png in Resources */ = {isa = PBXBuildFile; fileRef = 83762D6A1FD52E0F004AFED1 /* feiji.png */; };
		83762D841FD52E0F004AFED1 /* home_icon_selected.png in Resources */ = {isa = PBXBuildFile; fileRef = 83762D6B1FD52E0F004AFED1 /* home_icon_selected.png */; };
		83762D851FD52E0F004AFED1 /* my_icon_selected.png in Resources */ = {isa = PBXBuildFile; fileRef = 83762D6C1FD52E0F004AFED1 /* my_icon_selected.png */; };
		83762D861FD52E0F004AFED1 /* bianminfuwu.jpg in Resources */ = {isa = PBXBuildFile; fileRef = 83762D6D1FD52E0F004AFED1 /* bianminfuwu.jpg */; };
		83762D871FD52E0F004AFED1 /* lixianxiazai.jpg in Resources */ = {isa = PBXBuildFile; fileRef = 83762D6E1FD52E0F004AFED1 /* lixianxiazai.jpg */; };
		83762D891FD52E0F004AFED1 /* my_collection.jpg in Resources */ = {isa = PBXBuildFile; fileRef = 83762D701FD52E0F004AFED1 /* my_collection.jpg */; };
		83762D8A1FD52E0F004AFED1 /* home_icon_normal@2x.png in Resources */ = {isa = PBXBuildFile; fileRef = 83762D711FD52E0F004AFED1 /* home_icon_normal@2x.png */; };
		83762D8B1FD52E0F004AFED1 /* my_binding.jpg in Resources */ = {isa = PBXBuildFile; fileRef = 83762D721FD52E0F004AFED1 /* my_binding.jpg */; };
		83762D8C1FD52E0F004AFED1 /* my_message.jpg in Resources */ = {isa = PBXBuildFile; fileRef = 83762D731FD52E0F004AFED1 /* my_message.jpg */; };
		83762D8D1FD52E0F004AFED1 /* my_setting.jpg in Resources */ = {isa = PBXBuildFile; fileRef = 83762D741FD52E0F004AFED1 /* my_setting.jpg */; };
		83762D8E1FD52E0F004AFED1 /* guofangzhishi.jpg in Resources */ = {isa = PBXBuildFile; fileRef = 83762D751FD52E0F004AFED1 /* guofangzhishi.jpg */; };
		83762D8F1FD52E0F004AFED1 /* junshiyouxi.jpg in Resources */ = {isa = PBXBuildFile; fileRef = 83762D761FD52E0F004AFED1 /* junshiyouxi.jpg */; };
		83762D901FD52E0F004AFED1 /* jinjiqiujiu.jpg in Resources */ = {isa = PBXBuildFile; fileRef = 83762D771FD52E0F004AFED1 /* jinjiqiujiu.jpg */; };
		83762D911FD52E0F004AFED1 /* map_icon_selected.png in Resources */ = {isa = PBXBuildFile; fileRef = 83762D781FD52E0F004AFED1 /* map_icon_selected.png */; };
		83762D921FD52E0F004AFED1 /* yingjishusan.jpg in Resources */ = {isa = PBXBuildFile; fileRef = 83762D791FD52E0F004AFED1 /* yingjishusan.jpg */; };
		83762D931FD52E0F004AFED1 /* shangqihezuo.jpg in Resources */ = {isa = PBXBuildFile; fileRef = 83762D7A1FD52E0F004AFED1 /* shangqihezuo.jpg */; };
		83762D941FD52E0F004AFED1 /* my_identification.jpg in Resources */ = {isa = PBXBuildFile; fileRef = 83762D7B1FD52E0F004AFED1 /* my_identification.jpg */; };
		83762D951FD52E0F004AFED1 /* ditufuwu.jpg in Resources */ = {isa = PBXBuildFile; fileRef = 83762D7C1FD52E0F004AFED1 /* ditufuwu.jpg */; };
		83762D961FD52E0F004AFED1 /* map_icon_normal@2x.png in Resources */ = {isa = PBXBuildFile; fileRef = 83762D7D1FD52E0F004AFED1 /* map_icon_normal@2x.png */; };
		83762D971FD52E0F004AFED1 /* my_icon_normal@2x.png in Resources */ = {isa = PBXBuildFile; fileRef = 83762D7E1FD52E0F004AFED1 /* my_icon_normal@2x.png */; };
		83762E581FD53193004AFED1 /* my_shoppingcar.jpg in Resources */ = {isa = PBXBuildFile; fileRef = 83762E3F1FD53192004AFED1 /* my_shoppingcar.jpg */; };
		8382462C1FC556C800995AB9 /* AppDelegate.m in Sources */ = {isa = PBXBuildFile; fileRef = 8382462B1FC556C800995AB9 /* AppDelegate.m */; };
		838246321FC556C800995AB9 /* Main.storyboard in Resources */ = {isa = PBXBuildFile; fileRef = 838246301FC556C800995AB9 /* Main.storyboard */; };
		838246341FC556C800995AB9 /* Assets.xcassets in Resources */ = {isa = PBXBuildFile; fileRef = 838246331FC556C800995AB9 /* Assets.xcassets */; };
		838246371FC556C800995AB9 /* LaunchScreen.storyboard in Resources */ = {isa = PBXBuildFile; fileRef = 838246351FC556C800995AB9 /* LaunchScreen.storyboard */; };
		8382463A1FC556C800995AB9 /* main.m in Sources */ = {isa = PBXBuildFile; fileRef = 838246391FC556C800995AB9 /* main.m */; };
		838246441FC556C800995AB9 /* TBGFTests.m in Sources */ = {isa = PBXBuildFile; fileRef = 838246431FC556C800995AB9 /* TBGFTests.m */; };
		8382464F1FC556C800995AB9 /* TBGFUITests.m in Sources */ = {isa = PBXBuildFile; fileRef = 8382464E1FC556C800995AB9 /* TBGFUITests.m */; };
/* End PBXBuildFile section */

/* Begin PBXContainerItemProxy section */
		838246401FC556C800995AB9 /* PBXContainerItemProxy */ = {
			isa = PBXContainerItemProxy;
			containerPortal = 8382461F1FC556C700995AB9 /* Project object */;
			proxyType = 1;
			remoteGlobalIDString = 838246261FC556C800995AB9;
			remoteInfo = TBGF;
		};
		8382464B1FC556C800995AB9 /* PBXContainerItemProxy */ = {
			isa = PBXContainerItemProxy;
			containerPortal = 8382461F1FC556C700995AB9 /* Project object */;
			proxyType = 1;
			remoteGlobalIDString = 838246261FC556C800995AB9;
			remoteInfo = TBGF;
		};
/* End PBXContainerItemProxy section */

/* Begin PBXFileReference section */
		549D9160A8F8BAE875A1A0BE /* Pods-TBGF.debug.xcconfig */ = {isa = PBXFileReference; includeInIndex = 1; lastKnownFileType = text.xcconfig; name = "Pods-TBGF.debug.xcconfig"; path = "Pods/Target Support Files/Pods-TBGF/Pods-TBGF.debug.xcconfig"; sourceTree = "<group>"; };
		8351D2F01FC81BCC00EFBB9B /* RootViewController.xib */ = {isa = PBXFileReference; fileEncoding = 4; lastKnownFileType = file.xib; path = RootViewController.xib; sourceTree = "<group>"; };
		8351D2F11FC81BCC00EFBB9B /* RootViewController.h */ = {isa = PBXFileReference; fileEncoding = 4; lastKnownFileType = sourcecode.c.h; path = RootViewController.h; sourceTree = "<group>"; };
		8351D2F21FC81BCC00EFBB9B /* RootViewController.m */ = {isa = PBXFileReference; fileEncoding = 4; lastKnownFileType = sourcecode.c.objc; path = RootViewController.m; sourceTree = "<group>"; };
		8351D31C1FC81C2F00EFBB9B /* MYViewController.m */ = {isa = PBXFileReference; fileEncoding = 4; lastKnownFileType = sourcecode.c.objc; path = MYViewController.m; sourceTree = "<group>"; };
		8351D31D1FC81C2F00EFBB9B /* MYViewController.h */ = {isa = PBXFileReference; fileEncoding = 4; lastKnownFileType = sourcecode.c.h; path = MYViewController.h; sourceTree = "<group>"; };
		8351D31E1FC81C2F00EFBB9B /* MYViewController.xib */ = {isa = PBXFileReference; fileEncoding = 4; lastKnownFileType = file.xib; path = MYViewController.xib; sourceTree = "<group>"; };
		8351D3331FC8632100EFBB9B /* BaiduMapViewController.h */ = {isa = PBXFileReference; lastKnownFileType = sourcecode.c.h; path = BaiduMapViewController.h; sourceTree = "<group>"; };
		8351D3351FC863B300EFBB9B /* BaiduMapViewController.m */ = {isa = PBXFileReference; lastKnownFileType = sourcecode.c.objc; path = BaiduMapViewController.m; sourceTree = "<group>"; };
		8351D34C1FCBB11900EFBB9B /* MapViewController.h */ = {isa = PBXFileReference; lastKnownFileType = sourcecode.c.h; path = MapViewController.h; sourceTree = "<group>"; };
		8351D34D1FCBB11900EFBB9B /* MapViewController.m */ = {isa = PBXFileReference; lastKnownFileType = sourcecode.c.objc; path = MapViewController.m; sourceTree = "<group>"; };
		8351D34E1FCBB11900EFBB9B /* MapViewController.xib */ = {isa = PBXFileReference; lastKnownFileType = file.xib; path = MapViewController.xib; sourceTree = "<group>"; };
		8351D38B1FCC27C500EFBB9B /* MainTabViewController.h */ = {isa = PBXFileReference; lastKnownFileType = sourcecode.c.h; path = MainTabViewController.h; sourceTree = "<group>"; };
		8351D38C1FCC27C500EFBB9B /* MainTabViewController.m */ = {isa = PBXFileReference; lastKnownFileType = sourcecode.c.objc; path = MainTabViewController.m; sourceTree = "<group>"; };
		8351D38F1FCCEF5800EFBB9B /* LoginViewController.h */ = {isa = PBXFileReference; lastKnownFileType = sourcecode.c.h; path = LoginViewController.h; sourceTree = "<group>"; };
		8351D3901FCCEF5800EFBB9B /* LoginViewController.m */ = {isa = PBXFileReference; lastKnownFileType = sourcecode.c.objc; path = LoginViewController.m; sourceTree = "<group>"; };
		8351D3911FCCEF5800EFBB9B /* LoginViewController.xib */ = {isa = PBXFileReference; lastKnownFileType = file.xib; path = LoginViewController.xib; sourceTree = "<group>"; };
		8351D3981FCD48D100EFBB9B /* PhoneVerifyViewController.h */ = {isa = PBXFileReference; lastKnownFileType = sourcecode.c.h; path = PhoneVerifyViewController.h; sourceTree = "<group>"; };
		8351D3991FCD48D100EFBB9B /* PhoneVerifyViewController.m */ = {isa = PBXFileReference; lastKnownFileType = sourcecode.c.objc; path = PhoneVerifyViewController.m; sourceTree = "<group>"; };
		8351D39A1FCD48D100EFBB9B /* PhoneVerifyViewController.xib */ = {isa = PBXFileReference; lastKnownFileType = file.xib; path = PhoneVerifyViewController.xib; sourceTree = "<group>"; };
		8351D39E1FCD4E5700EFBB9B /* RegisterViewController.h */ = {isa = PBXFileReference; lastKnownFileType = sourcecode.c.h; path = RegisterViewController.h; sourceTree = "<group>"; };
		8351D39F1FCD4E5700EFBB9B /* RegisterViewController.m */ = {isa = PBXFileReference; lastKnownFileType = sourcecode.c.objc; path = RegisterViewController.m; sourceTree = "<group>"; };
		8351D3A01FCD4E5700EFBB9B /* RegisterViewController.xib */ = {isa = PBXFileReference; lastKnownFileType = file.xib; path = RegisterViewController.xib; sourceTree = "<group>"; };
		8351D3A41FCD50A800EFBB9B /* ChangePasswordViewController.h */ = {isa = PBXFileReference; lastKnownFileType = sourcecode.c.h; path = ChangePasswordViewController.h; sourceTree = "<group>"; };
		8351D3A51FCD50A800EFBB9B /* ChangePasswordViewController.m */ = {isa = PBXFileReference; lastKnownFileType = sourcecode.c.objc; path = ChangePasswordViewController.m; sourceTree = "<group>"; };
		8351D3A61FCD50A800EFBB9B /* ChangePasswordViewController.xib */ = {isa = PBXFileReference; lastKnownFileType = file.xib; path = ChangePasswordViewController.xib; sourceTree = "<group>"; };
		8351D3AF1FCE52C800EFBB9B /* WebKit.framework */ = {isa = PBXFileReference; lastKnownFileType = wrapper.framework; name = WebKit.framework; path = System/Library/Frameworks/WebKit.framework; sourceTree = SDKROOT; };
		8351D3C01FCE5A7200EFBB9B /* GameViewController.h */ = {isa = PBXFileReference; lastKnownFileType = sourcecode.c.h; path = GameViewController.h; sourceTree = "<group>"; };
		8351D3C11FCE5A7200EFBB9B /* GameViewController.m */ = {isa = PBXFileReference; lastKnownFileType = sourcecode.c.objc; path = GameViewController.m; sourceTree = "<group>"; };
		8351D3C21FCE5A7200EFBB9B /* GameViewController.xib */ = {isa = PBXFileReference; lastKnownFileType = file.xib; path = GameViewController.xib; sourceTree = "<group>"; };
		8351D3C61FCE9DC200EFBB9B /* ValidateUtil.h */ = {isa = PBXFileReference; lastKnownFileType = sourcecode.c.h; path = ValidateUtil.h; sourceTree = "<group>"; };
		8351D3C71FCE9DC200EFBB9B /* ValidateUtil.m */ = {isa = PBXFileReference; lastKnownFileType = sourcecode.c.objc; path = ValidateUtil.m; sourceTree = "<group>"; };
		8351D49A1FCFF56900EFBB9B /* libAFNetworking.a */ = {isa = PBXFileReference; explicitFileType = archive.ar; path = libAFNetworking.a; sourceTree = BUILT_PRODUCTS_DIR; };
		83762D611FD5184A004AFED1 /* MyTableViewCell.h */ = {isa = PBXFileReference; lastKnownFileType = sourcecode.c.h; path = MyTableViewCell.h; sourceTree = "<group>"; };
		83762D621FD5184A004AFED1 /* MyTableViewCell.m */ = {isa = PBXFileReference; lastKnownFileType = sourcecode.c.objc; path = MyTableViewCell.m; sourceTree = "<group>"; };
		83762D661FD52E0F004AFED1 /* guofangdongtai.jpg */ = {isa = PBXFileReference; lastKnownFileType = image.jpeg; path = guofangdongtai.jpg; sourceTree = "<group>"; };
		83762D671FD52E0F004AFED1 /* icon_lanuch.png */ = {isa = PBXFileReference; lastKnownFileType = image.png; path = icon_lanuch.png; sourceTree = "<group>"; };
		83762D681FD52E0F004AFED1 /* qunzhongxinsheng.jpg */ = {isa = PBXFileReference; lastKnownFileType = image.jpeg; path = qunzhongxinsheng.jpg; sourceTree = "<group>"; };
		83762D691FD52E0F004AFED1 /* sheshizhuangtai.jpg */ = {isa = PBXFileReference; lastKnownFileType = image.jpeg; path = sheshizhuangtai.jpg; sourceTree = "<group>"; };
		83762D6A1FD52E0F004AFED1 /* feiji.png */ = {isa = PBXFileReference; lastKnownFileType = image.png; path = feiji.png; sourceTree = "<group>"; };
		83762D6B1FD52E0F004AFED1 /* home_icon_selected.png */ = {isa = PBXFileReference; lastKnownFileType = image.png; path = home_icon_selected.png; sourceTree = "<group>"; };
		83762D6C1FD52E0F004AFED1 /* my_icon_selected.png */ = {isa = PBXFileReference; lastKnownFileType = image.png; path = my_icon_selected.png; sourceTree = "<group>"; };
		83762D6D1FD52E0F004AFED1 /* bianminfuwu.jpg */ = {isa = PBXFileReference; lastKnownFileType = image.jpeg; path = bianminfuwu.jpg; sourceTree = "<group>"; };
		83762D6E1FD52E0F004AFED1 /* lixianxiazai.jpg */ = {isa = PBXFileReference; lastKnownFileType = image.jpeg; path = lixianxiazai.jpg; sourceTree = "<group>"; };
		83762D701FD52E0F004AFED1 /* my_collection.jpg */ = {isa = PBXFileReference; lastKnownFileType = image.jpeg; path = my_collection.jpg; sourceTree = "<group>"; };
		83762D711FD52E0F004AFED1 /* home_icon_normal@2x.png */ = {isa = PBXFileReference; lastKnownFileType = image.png; path = "home_icon_normal@2x.png"; sourceTree = "<group>"; };
		83762D721FD52E0F004AFED1 /* my_binding.jpg */ = {isa = PBXFileReference; lastKnownFileType = image.jpeg; path = my_binding.jpg; sourceTree = "<group>"; };
		83762D731FD52E0F004AFED1 /* my_message.jpg */ = {isa = PBXFileReference; lastKnownFileType = image.jpeg; path = my_message.jpg; sourceTree = "<group>"; };
		83762D741FD52E0F004AFED1 /* my_setting.jpg */ = {isa = PBXFileReference; lastKnownFileType = image.jpeg; path = my_setting.jpg; sourceTree = "<group>"; };
		83762D751FD52E0F004AFED1 /* guofangzhishi.jpg */ = {isa = PBXFileReference; lastKnownFileType = image.jpeg; path = guofangzhishi.jpg; sourceTree = "<group>"; };
		83762D761FD52E0F004AFED1 /* junshiyouxi.jpg */ = {isa = PBXFileReference; lastKnownFileType = image.jpeg; path = junshiyouxi.jpg; sourceTree = "<group>"; };
		83762D771FD52E0F004AFED1 /* jinjiqiujiu.jpg */ = {isa = PBXFileReference; lastKnownFileType = image.jpeg; path = jinjiqiujiu.jpg; sourceTree = "<group>"; };
		83762D781FD52E0F004AFED1 /* map_icon_selected.png */ = {isa = PBXFileReference; lastKnownFileType = image.png; path = map_icon_selected.png; sourceTree = "<group>"; };
		83762D791FD52E0F004AFED1 /* yingjishusan.jpg */ = {isa = PBXFileReference; lastKnownFileType = image.jpeg; path = yingjishusan.jpg; sourceTree = "<group>"; };
		83762D7A1FD52E0F004AFED1 /* shangqihezuo.jpg */ = {isa = PBXFileReference; lastKnownFileType = image.jpeg; path = shangqihezuo.jpg; sourceTree = "<group>"; };
		83762D7B1FD52E0F004AFED1 /* my_identification.jpg */ = {isa = PBXFileReference; lastKnownFileType = image.jpeg; path = my_identification.jpg; sourceTree = "<group>"; };
		83762D7C1FD52E0F004AFED1 /* ditufuwu.jpg */ = {isa = PBXFileReference; lastKnownFileType = image.jpeg; path = ditufuwu.jpg; sourceTree = "<group>"; };
		83762D7D1FD52E0F004AFED1 /* map_icon_normal@2x.png */ = {isa = PBXFileReference; lastKnownFileType = image.png; path = "map_icon_normal@2x.png"; sourceTree = "<group>"; };
		83762D7E1FD52E0F004AFED1 /* my_icon_normal@2x.png */ = {isa = PBXFileReference; lastKnownFileType = image.png; path = "my_icon_normal@2x.png"; sourceTree = "<group>"; };
		83762E3F1FD53192004AFED1 /* my_shoppingcar.jpg */ = {isa = PBXFileReference; lastKnownFileType = image.jpeg; path = my_shoppingcar.jpg; sourceTree = "<group>"; };
		838246271FC556C800995AB9 /* TBGF.app */ = {isa = PBXFileReference; explicitFileType = wrapper.application; includeInIndex = 0; path = TBGF.app; sourceTree = BUILT_PRODUCTS_DIR; };
		8382462A1FC556C800995AB9 /* AppDelegate.h */ = {isa = PBXFileReference; lastKnownFileType = sourcecode.c.h; path = AppDelegate.h; sourceTree = "<group>"; };
		8382462B1FC556C800995AB9 /* AppDelegate.m */ = {isa = PBXFileReference; lastKnownFileType = sourcecode.c.objc; path = AppDelegate.m; sourceTree = "<group>"; };
		838246311FC556C800995AB9 /* Base */ = {isa = PBXFileReference; lastKnownFileType = file.storyboard; name = Base; path = Base.lproj/Main.storyboard; sourceTree = "<group>"; };
		838246331FC556C800995AB9 /* Assets.xcassets */ = {isa = PBXFileReference; lastKnownFileType = folder.assetcatalog; path = Assets.xcassets; sourceTree = "<group>"; };
		838246361FC556C800995AB9 /* Base */ = {isa = PBXFileReference; lastKnownFileType = file.storyboard; name = Base; path = Base.lproj/LaunchScreen.storyboard; sourceTree = "<group>"; };
		838246381FC556C800995AB9 /* Info.plist */ = {isa = PBXFileReference; lastKnownFileType = text.plist.xml; path = Info.plist; sourceTree = "<group>"; };
		838246391FC556C800995AB9 /* main.m */ = {isa = PBXFileReference; lastKnownFileType = sourcecode.c.objc; path = main.m; sourceTree = "<group>"; };
		8382463F1FC556C800995AB9 /* TBGFTests.xctest */ = {isa = PBXFileReference; explicitFileType = wrapper.cfbundle; includeInIndex = 0; path = TBGFTests.xctest; sourceTree = BUILT_PRODUCTS_DIR; };
		838246431FC556C800995AB9 /* TBGFTests.m */ = {isa = PBXFileReference; lastKnownFileType = sourcecode.c.objc; path = TBGFTests.m; sourceTree = "<group>"; };
		838246451FC556C800995AB9 /* Info.plist */ = {isa = PBXFileReference; lastKnownFileType = text.plist.xml; path = Info.plist; sourceTree = "<group>"; };
		8382464A1FC556C800995AB9 /* TBGFUITests.xctest */ = {isa = PBXFileReference; explicitFileType = wrapper.cfbundle; includeInIndex = 0; path = TBGFUITests.xctest; sourceTree = BUILT_PRODUCTS_DIR; };
		8382464E1FC556C800995AB9 /* TBGFUITests.m */ = {isa = PBXFileReference; lastKnownFileType = sourcecode.c.objc; path = TBGFUITests.m; sourceTree = "<group>"; };
		838246501FC556C800995AB9 /* Info.plist */ = {isa = PBXFileReference; lastKnownFileType = text.plist.xml; path = Info.plist; sourceTree = "<group>"; };
		EC777B498D19C256ED6EA8F7 /* Pods-TBGF.release.xcconfig */ = {isa = PBXFileReference; includeInIndex = 1; lastKnownFileType = text.xcconfig; name = "Pods-TBGF.release.xcconfig"; path = "Pods/Target Support Files/Pods-TBGF/Pods-TBGF.release.xcconfig"; sourceTree = "<group>"; };
		FC70BE31CDF73A51A156BB81 /* libPods-TBGF.a */ = {isa = PBXFileReference; explicitFileType = archive.ar; includeInIndex = 0; path = "libPods-TBGF.a"; sourceTree = BUILT_PRODUCTS_DIR; };
/* End PBXFileReference section */

/* Begin PBXFrameworksBuildPhase section */
		838246241FC556C800995AB9 /* Frameworks */ = {
			isa = PBXFrameworksBuildPhase;
			buildActionMask = 2147483647;
			files = (
				8351D4991FCFF56900EFBB9B /* libAFNetworking.a in Frameworks */,
				164D47A41168156BD606DCB9 /* libPods-TBGF.a in Frameworks */,
			);
			runOnlyForDeploymentPostprocessing = 0;
		};
		8382463C1FC556C800995AB9 /* Frameworks */ = {
			isa = PBXFrameworksBuildPhase;
			buildActionMask = 2147483647;
			files = (
			);
			runOnlyForDeploymentPostprocessing = 0;
		};
		838246471FC556C800995AB9 /* Frameworks */ = {
			isa = PBXFrameworksBuildPhase;
			buildActionMask = 2147483647;
			files = (
			);
			runOnlyForDeploymentPostprocessing = 0;
		};
/* End PBXFrameworksBuildPhase section */

/* Begin PBXGroup section */
		0B5E21E1921F27385E3CFD51 /* Pods */ = {
			isa = PBXGroup;
			children = (
				549D9160A8F8BAE875A1A0BE /* Pods-TBGF.debug.xcconfig */,
				EC777B498D19C256ED6EA8F7 /* Pods-TBGF.release.xcconfig */,
			);
			name = Pods;
			sourceTree = "<group>";
		};
		7369D0581882CE4BCE1EB4F3 /* Frameworks */ = {
			isa = PBXGroup;
			children = (
				8351D3AF1FCE52C800EFBB9B /* WebKit.framework */,
				8351D49A1FCFF56900EFBB9B /* libAFNetworking.a */,
				FC70BE31CDF73A51A156BB81 /* libPods-TBGF.a */,
			);
			name = Frameworks;
			sourceTree = "<group>";
		};
		8351D2AA1FC80FF300EFBB9B /* Resources */ = {
			isa = PBXGroup;
			children = (
				83762D651FD52E0F004AFED1 /* images */,
			);
			path = Resources;
			sourceTree = SOURCE_ROOT;
		};
		8351D32F1FC8621D00EFBB9B /* 首页 */ = {
			isa = PBXGroup;
			children = (
				8351D3A91FCD656A00EFBB9B /* 游戏 */,
				8351D2F11FC81BCC00EFBB9B /* RootViewController.h */,
				8351D2F21FC81BCC00EFBB9B /* RootViewController.m */,
				8351D2F01FC81BCC00EFBB9B /* RootViewController.xib */,
			);
			path = "首页";
			sourceTree = "<group>";
		};
		8351D3301FC8623E00EFBB9B /* 百度地图 */ = {
			isa = PBXGroup;
			children = (
				8351D3331FC8632100EFBB9B /* BaiduMapViewController.h */,
				8351D3351FC863B300EFBB9B /* BaiduMapViewController.m */,
			);
			path = "百度地图";
			sourceTree = "<group>";
		};
		8351D3311FC8624A00EFBB9B /* 我的 */ = {
			isa = PBXGroup;
			children = (
				8351D31D1FC81C2F00EFBB9B /* MYViewController.h */,
				8351D31C1FC81C2F00EFBB9B /* MYViewController.m */,
				8351D31E1FC81C2F00EFBB9B /* MYViewController.xib */,
			);
			path = "我的";
			sourceTree = "<group>";
		};
		8351D34B1FCBB0D600EFBB9B /* 地图 */ = {
			isa = PBXGroup;
			children = (
				8351D34C1FCBB11900EFBB9B /* MapViewController.h */,
				8351D34D1FCBB11900EFBB9B /* MapViewController.m */,
				8351D34E1FCBB11900EFBB9B /* MapViewController.xib */,
				8351D3301FC8623E00EFBB9B /* 百度地图 */,
			);
			path = "地图";
			sourceTree = "<group>";
		};
		8351D37D1FCC21A900EFBB9B /* 标签页 */ = {
			isa = PBXGroup;
			children = (
				8351D32F1FC8621D00EFBB9B /* 首页 */,
				8351D34B1FCBB0D600EFBB9B /* 地图 */,
				8351D3311FC8624A00EFBB9B /* 我的 */,
				8351D38B1FCC27C500EFBB9B /* MainTabViewController.h */,
				8351D38C1FCC27C500EFBB9B /* MainTabViewController.m */,
			);
			path = "标签页";
			sourceTree = "<group>";
		};
		8351D38E1FCCEF3100EFBB9B /* 登陆 */ = {
			isa = PBXGroup;
			children = (
				8351D3A31FCD507C00EFBB9B /* 忘记密码 */,
				8351D3951FCD3D7F00EFBB9B /* 手机号码验证 */,
				8351D38F1FCCEF5800EFBB9B /* LoginViewController.h */,
				8351D3901FCCEF5800EFBB9B /* LoginViewController.m */,
				8351D3911FCCEF5800EFBB9B /* LoginViewController.xib */,
			);
			path = "登陆";
			sourceTree = "<group>";
		};
		8351D3951FCD3D7F00EFBB9B /* 手机号码验证 */ = {
			isa = PBXGroup;
			children = (
				8351D39D1FCD4E3500EFBB9B /* 注册界面 */,
				8351D3981FCD48D100EFBB9B /* PhoneVerifyViewController.h */,
				8351D3991FCD48D100EFBB9B /* PhoneVerifyViewController.m */,
				8351D39A1FCD48D100EFBB9B /* PhoneVerifyViewController.xib */,
			);
			path = "手机号码验证";
			sourceTree = "<group>";
		};
		8351D39D1FCD4E3500EFBB9B /* 注册界面 */ = {
			isa = PBXGroup;
			children = (
				8351D39E1FCD4E5700EFBB9B /* RegisterViewController.h */,
				8351D39F1FCD4E5700EFBB9B /* RegisterViewController.m */,
				8351D3A01FCD4E5700EFBB9B /* RegisterViewController.xib */,
			);
			path = "注册界面";
			sourceTree = "<group>";
		};
		8351D3A31FCD507C00EFBB9B /* 忘记密码 */ = {
			isa = PBXGroup;
			children = (
				8351D3A41FCD50A800EFBB9B /* ChangePasswordViewController.h */,
				8351D3A51FCD50A800EFBB9B /* ChangePasswordViewController.m */,
				8351D3A61FCD50A800EFBB9B /* ChangePasswordViewController.xib */,
			);
			path = "忘记密码";
			sourceTree = "<group>";
		};
		8351D3A91FCD656A00EFBB9B /* 游戏 */ = {
			isa = PBXGroup;
			children = (
				8351D3C01FCE5A7200EFBB9B /* GameViewController.h */,
				8351D3C11FCE5A7200EFBB9B /* GameViewController.m */,
				8351D3C21FCE5A7200EFBB9B /* GameViewController.xib */,
			);
			path = "游戏";
			sourceTree = "<group>";
		};
		8351D3C51FCE9D8900EFBB9B /* 工具 */ = {
			isa = PBXGroup;
			children = (
				8351D3C61FCE9DC200EFBB9B /* ValidateUtil.h */,
				8351D3C71FCE9DC200EFBB9B /* ValidateUtil.m */,
			);
			path = "工具";
			sourceTree = "<group>";
		};
		83762D5D1FD4FDA9004AFED1 /* 自定义控件 */ = {
			isa = PBXGroup;
			children = (
				83762D611FD5184A004AFED1 /* MyTableViewCell.h */,
				83762D621FD5184A004AFED1 /* MyTableViewCell.m */,
			);
			path = "自定义控件";
			sourceTree = "<group>";
		};
		83762D651FD52E0F004AFED1 /* images */ = {
			isa = PBXGroup;
			children = (
				83762D661FD52E0F004AFED1 /* guofangdongtai.jpg */,
				83762D671FD52E0F004AFED1 /* icon_lanuch.png */,
				83762D681FD52E0F004AFED1 /* qunzhongxinsheng.jpg */,
				83762D691FD52E0F004AFED1 /* sheshizhuangtai.jpg */,
				83762E3F1FD53192004AFED1 /* my_shoppingcar.jpg */,
				83762D6A1FD52E0F004AFED1 /* feiji.png */,
				83762D6B1FD52E0F004AFED1 /* home_icon_selected.png */,
				83762D6C1FD52E0F004AFED1 /* my_icon_selected.png */,
				83762D6D1FD52E0F004AFED1 /* bianminfuwu.jpg */,
				83762D6E1FD52E0F004AFED1 /* lixianxiazai.jpg */,
				83762D701FD52E0F004AFED1 /* my_collection.jpg */,
				83762D711FD52E0F004AFED1 /* home_icon_normal@2x.png */,
				83762D721FD52E0F004AFED1 /* my_binding.jpg */,
				83762D731FD52E0F004AFED1 /* my_message.jpg */,
				83762D741FD52E0F004AFED1 /* my_setting.jpg */,
				83762D751FD52E0F004AFED1 /* guofangzhishi.jpg */,
				83762D761FD52E0F004AFED1 /* junshiyouxi.jpg */,
				83762D771FD52E0F004AFED1 /* jinjiqiujiu.jpg */,
				83762D781FD52E0F004AFED1 /* map_icon_selected.png */,
				83762D791FD52E0F004AFED1 /* yingjishusan.jpg */,
				83762D7A1FD52E0F004AFED1 /* shangqihezuo.jpg */,
				83762D7B1FD52E0F004AFED1 /* my_identification.jpg */,
				83762D7C1FD52E0F004AFED1 /* ditufuwu.jpg */,
				83762D7D1FD52E0F004AFED1 /* map_icon_normal@2x.png */,
				83762D7E1FD52E0F004AFED1 /* my_icon_normal@2x.png */,
			);
			path = images;
			sourceTree = "<group>";
		};
		8382461E1FC556C700995AB9 = {
			isa = PBXGroup;
			children = (
				838246291FC556C800995AB9 /* TBGF */,
				838246421FC556C800995AB9 /* TBGFTests */,
				8382464D1FC556C800995AB9 /* TBGFUITests */,
				838246281FC556C800995AB9 /* Products */,
				0B5E21E1921F27385E3CFD51 /* Pods */,
				7369D0581882CE4BCE1EB4F3 /* Frameworks */,
			);
			sourceTree = "<group>";
		};
		838246281FC556C800995AB9 /* Products */ = {
			isa = PBXGroup;
			children = (
				838246271FC556C800995AB9 /* TBGF.app */,
				8382463F1FC556C800995AB9 /* TBGFTests.xctest */,
				8382464A1FC556C800995AB9 /* TBGFUITests.xctest */,
			);
			name = Products;
			sourceTree = "<group>";
		};
		838246291FC556C800995AB9 /* TBGF */ = {
			isa = PBXGroup;
			children = (
				838246301FC556C800995AB9 /* Main.storyboard */,
				83762D5D1FD4FDA9004AFED1 /* 自定义控件 */,
				8351D3C51FCE9D8900EFBB9B /* 工具 */,
				8351D38E1FCCEF3100EFBB9B /* 登陆 */,
				8351D37D1FCC21A900EFBB9B /* 标签页 */,
				8351D2AA1FC80FF300EFBB9B /* Resources */,
				8382462A1FC556C800995AB9 /* AppDelegate.h */,
				8382462B1FC556C800995AB9 /* AppDelegate.m */,
				838246331FC556C800995AB9 /* Assets.xcassets */,
				838246351FC556C800995AB9 /* LaunchScreen.storyboard */,
				838246381FC556C800995AB9 /* Info.plist */,
				838246391FC556C800995AB9 /* main.m */,
			);
			path = TBGF;
			sourceTree = "<group>";
		};
		838246421FC556C800995AB9 /* TBGFTests */ = {
			isa = PBXGroup;
			children = (
				838246431FC556C800995AB9 /* TBGFTests.m */,
				838246451FC556C800995AB9 /* Info.plist */,
			);
			path = TBGFTests;
			sourceTree = "<group>";
		};
		8382464D1FC556C800995AB9 /* TBGFUITests */ = {
			isa = PBXGroup;
			children = (
				8382464E1FC556C800995AB9 /* TBGFUITests.m */,
				838246501FC556C800995AB9 /* Info.plist */,
			);
			path = TBGFUITests;
			sourceTree = "<group>";
		};
/* End PBXGroup section */

/* Begin PBXNativeTarget section */
		838246261FC556C800995AB9 /* TBGF */ = {
			isa = PBXNativeTarget;
			buildConfigurationList = 838246531FC556C800995AB9 /* Build configuration list for PBXNativeTarget "TBGF" */;
			buildPhases = (
				D7636E087DA53921ADD5FF48 /* [CP] Check Pods Manifest.lock */,
				838246231FC556C800995AB9 /* Sources */,
				838246241FC556C800995AB9 /* Frameworks */,
				838246251FC556C800995AB9 /* Resources */,
				060DC2D53EB37412987F8D37 /* [CP] Embed Pods Frameworks */,
				58834BED0AE640FCDA4D5A9C /* [CP] Copy Pods Resources */,
			);
			buildRules = (
			);
			dependencies = (
			);
			name = TBGF;
			productName = TBGF;
			productReference = 838246271FC556C800995AB9 /* TBGF.app */;
			productType = "com.apple.product-type.application";
		};
		8382463E1FC556C800995AB9 /* TBGFTests */ = {
			isa = PBXNativeTarget;
			buildConfigurationList = 838246561FC556C800995AB9 /* Build configuration list for PBXNativeTarget "TBGFTests" */;
			buildPhases = (
				8382463B1FC556C800995AB9 /* Sources */,
				8382463C1FC556C800995AB9 /* Frameworks */,
				8382463D1FC556C800995AB9 /* Resources */,
			);
			buildRules = (
			);
			dependencies = (
				838246411FC556C800995AB9 /* PBXTargetDependency */,
			);
			name = TBGFTests;
			productName = TBGFTests;
			productReference = 8382463F1FC556C800995AB9 /* TBGFTests.xctest */;
			productType = "com.apple.product-type.bundle.unit-test";
		};
		838246491FC556C800995AB9 /* TBGFUITests */ = {
			isa = PBXNativeTarget;
			buildConfigurationList = 838246591FC556C800995AB9 /* Build configuration list for PBXNativeTarget "TBGFUITests" */;
			buildPhases = (
				838246461FC556C800995AB9 /* Sources */,
				838246471FC556C800995AB9 /* Frameworks */,
				838246481FC556C800995AB9 /* Resources */,
			);
			buildRules = (
			);
			dependencies = (
				8382464C1FC556C800995AB9 /* PBXTargetDependency */,
			);
			name = TBGFUITests;
			productName = TBGFUITests;
			productReference = 8382464A1FC556C800995AB9 /* TBGFUITests.xctest */;
			productType = "com.apple.product-type.bundle.ui-testing";
		};
/* End PBXNativeTarget section */

/* Begin PBXProject section */
		8382461F1FC556C700995AB9 /* Project object */ = {
			isa = PBXProject;
			attributes = {
				LastUpgradeCheck = 0900;
				ORGANIZATIONNAME = "张晓东";
				TargetAttributes = {
					838246261FC556C800995AB9 = {
						CreatedOnToolsVersion = 9.0;
						ProvisioningStyle = Automatic;
						SystemCapabilities = {
							com.apple.BackgroundModes = {
								enabled = 1;
							};
						};
					};
					8382463E1FC556C800995AB9 = {
						CreatedOnToolsVersion = 9.0;
						ProvisioningStyle = Automatic;
						TestTargetID = 838246261FC556C800995AB9;
					};
					838246491FC556C800995AB9 = {
						CreatedOnToolsVersion = 9.0;
						ProvisioningStyle = Automatic;
						TestTargetID = 838246261FC556C800995AB9;
					};
				};
			};
			buildConfigurationList = 838246221FC556C700995AB9 /* Build configuration list for PBXProject "TBGF" */;
			compatibilityVersion = "Xcode 8.0";
			developmentRegion = en;
			hasScannedForEncodings = 0;
			knownRegions = (
				en,
				Base,
			);
			mainGroup = 8382461E1FC556C700995AB9;
			productRefGroup = 838246281FC556C800995AB9 /* Products */;
			projectDirPath = "";
			projectRoot = "";
			targets = (
				838246261FC556C800995AB9 /* TBGF */,
				8382463E1FC556C800995AB9 /* TBGFTests */,
				838246491FC556C800995AB9 /* TBGFUITests */,
			);
		};
/* End PBXProject section */

/* Begin PBXResourcesBuildPhase section */
		838246251FC556C800995AB9 /* Resources */ = {
			isa = PBXResourcesBuildPhase;
			buildActionMask = 2147483647;
			files = (
				83762D8F1FD52E0F004AFED1 /* junshiyouxi.jpg in Resources */,
				838246371FC556C800995AB9 /* LaunchScreen.storyboard in Resources */,
				83762D801FD52E0F004AFED1 /* icon_lanuch.png in Resources */,
				83762D841FD52E0F004AFED1 /* home_icon_selected.png in Resources */,
				8351D31A1FC81BCD00EFBB9B /* RootViewController.xib in Resources */,
				83762D901FD52E0F004AFED1 /* jinjiqiujiu.jpg in Resources */,
				8351D3A81FCD50A800EFBB9B /* ChangePasswordViewController.xib in Resources */,
				83762D8D1FD52E0F004AFED1 /* my_setting.jpg in Resources */,
				83762D911FD52E0F004AFED1 /* map_icon_selected.png in Resources */,
				83762D971FD52E0F004AFED1 /* my_icon_normal@2x.png in Resources */,
				83762D961FD52E0F004AFED1 /* map_icon_normal@2x.png in Resources */,
				83762D871FD52E0F004AFED1 /* lixianxiazai.jpg in Resources */,
				83762D8A1FD52E0F004AFED1 /* home_icon_normal@2x.png in Resources */,
				8351D3C41FCE5A7200EFBB9B /* GameViewController.xib in Resources */,
				83762D941FD52E0F004AFED1 /* my_identification.jpg in Resources */,
				83762D851FD52E0F004AFED1 /* my_icon_selected.png in Resources */,
				83762D811FD52E0F004AFED1 /* qunzhongxinsheng.jpg in Resources */,
				83762D931FD52E0F004AFED1 /* shangqihezuo.jpg in Resources */,
				8351D3201FC81C2F00EFBB9B /* MYViewController.xib in Resources */,
				83762D831FD52E0F004AFED1 /* feiji.png in Resources */,
				83762D7F1FD52E0F004AFED1 /* guofangdongtai.jpg in Resources */,
				83762D891FD52E0F004AFED1 /* my_collection.jpg in Resources */,
				8351D3931FCCEF5800EFBB9B /* LoginViewController.xib in Resources */,
				83762D8B1FD52E0F004AFED1 /* my_binding.jpg in Resources */,
				83762D8E1FD52E0F004AFED1 /* guofangzhishi.jpg in Resources */,
				838246341FC556C800995AB9 /* Assets.xcassets in Resources */,
				83762D821FD52E0F004AFED1 /* sheshizhuangtai.jpg in Resources */,
				8351D3A21FCD4E5700EFBB9B /* RegisterViewController.xib in Resources */,
				8351D3501FCBB11900EFBB9B /* MapViewController.xib in Resources */,
				8351D39C1FCD48D100EFBB9B /* PhoneVerifyViewController.xib in Resources */,
				83762D861FD52E0F004AFED1 /* bianminfuwu.jpg in Resources */,
				838246321FC556C800995AB9 /* Main.storyboard in Resources */,
				83762E581FD53193004AFED1 /* my_shoppingcar.jpg in Resources */,
				83762D951FD52E0F004AFED1 /* ditufuwu.jpg in Resources */,
				83762D921FD52E0F004AFED1 /* yingjishusan.jpg in Resources */,
				83762D8C1FD52E0F004AFED1 /* my_message.jpg in Resources */,
			);
			runOnlyForDeploymentPostprocessing = 0;
		};
		8382463D1FC556C800995AB9 /* Resources */ = {
			isa = PBXResourcesBuildPhase;
			buildActionMask = 2147483647;
			files = (
			);
			runOnlyForDeploymentPostprocessing = 0;
		};
		838246481FC556C800995AB9 /* Resources */ = {
			isa = PBXResourcesBuildPhase;
			buildActionMask = 2147483647;
			files = (
			);
			runOnlyForDeploymentPostprocessing = 0;
		};
/* End PBXResourcesBuildPhase section */

/* Begin PBXShellScriptBuildPhase section */
		060DC2D53EB37412987F8D37 /* [CP] Embed Pods Frameworks */ = {
			isa = PBXShellScriptBuildPhase;
			buildActionMask = 2147483647;
			files = (
			);
			inputPaths = (
			);
			name = "[CP] Embed Pods Frameworks";
			outputPaths = (
			);
			runOnlyForDeploymentPostprocessing = 0;
			shellPath = /bin/sh;
			shellScript = "\"${SRCROOT}/Pods/Target Support Files/Pods-TBGF/Pods-TBGF-frameworks.sh\"\n";
			showEnvVarsInLog = 0;
		};
		58834BED0AE640FCDA4D5A9C /* [CP] Copy Pods Resources */ = {
			isa = PBXShellScriptBuildPhase;
			buildActionMask = 2147483647;
			files = (
			);
			inputPaths = (
				"${SRCROOT}/Pods/Target Support Files/Pods-TBGF/Pods-TBGF-resources.sh",
				"${PODS_ROOT}/BaiduMapKit/BaiduMapKit/BaiduMapAPI_Map.framework/Resources/mapapi.bundle",
			);
			name = "[CP] Copy Pods Resources";
			outputPaths = (
				"${TARGET_BUILD_DIR}/${UNLOCALIZED_RESOURCES_FOLDER_PATH}",
			);
			runOnlyForDeploymentPostprocessing = 0;
			shellPath = /bin/sh;
			shellScript = "\"${SRCROOT}/Pods/Target Support Files/Pods-TBGF/Pods-TBGF-resources.sh\"\n";
			showEnvVarsInLog = 0;
		};
		D7636E087DA53921ADD5FF48 /* [CP] Check Pods Manifest.lock */ = {
			isa = PBXShellScriptBuildPhase;
			buildActionMask = 2147483647;
			files = (
			);
			inputPaths = (
				"${PODS_PODFILE_DIR_PATH}/Podfile.lock",
				"${PODS_ROOT}/Manifest.lock",
			);
			name = "[CP] Check Pods Manifest.lock";
			outputPaths = (
				"$(DERIVED_FILE_DIR)/Pods-TBGF-checkManifestLockResult.txt",
			);
			runOnlyForDeploymentPostprocessing = 0;
			shellPath = /bin/sh;
			shellScript = "diff \"${PODS_PODFILE_DIR_PATH}/Podfile.lock\" \"${PODS_ROOT}/Manifest.lock\" > /dev/null\nif [ $? != 0 ] ; then\n    # print error to STDERR\n    echo \"error: The sandbox is not in sync with the Podfile.lock. Run 'pod install' or update your CocoaPods installation.\" >&2\n    exit 1\nfi\n# This output is used by Xcode 'outputs' to avoid re-running this script phase.\necho \"SUCCESS\" > \"${SCRIPT_OUTPUT_FILE_0}\"\n";
			showEnvVarsInLog = 0;
		};
/* End PBXShellScriptBuildPhase section */

/* Begin PBXSourcesBuildPhase section */
		838246231FC556C800995AB9 /* Sources */ = {
			isa = PBXSourcesBuildPhase;
			buildActionMask = 2147483647;
			files = (
				8351D39B1FCD48D100EFBB9B /* PhoneVerifyViewController.m in Sources */,
				8351D31B1FC81BCD00EFBB9B /* RootViewController.m in Sources */,
				83762D631FD5184A004AFED1 /* MyTableViewCell.m in Sources */,
				8382463A1FC556C800995AB9 /* main.m in Sources */,
				8351D3921FCCEF5800EFBB9B /* LoginViewController.m in Sources */,
				8351D3C31FCE5A7200EFBB9B /* GameViewController.m in Sources */,
				8382462C1FC556C800995AB9 /* AppDelegate.m in Sources */,
				8351D3A11FCD4E5700EFBB9B /* RegisterViewController.m in Sources */,
				8351D34F1FCBB11900EFBB9B /* MapViewController.m in Sources */,
				8351D38D1FCC27C500EFBB9B /* MainTabViewController.m in Sources */,
				8351D3A71FCD50A800EFBB9B /* ChangePasswordViewController.m in Sources */,
				8351D3C81FCE9DC200EFBB9B /* ValidateUtil.m in Sources */,
				8351D3371FC863B300EFBB9B /* BaiduMapViewController.m in Sources */,
				8351D31F1FC81C2F00EFBB9B /* MYViewController.m in Sources */,
			);
			runOnlyForDeploymentPostprocessing = 0;
		};
		8382463B1FC556C800995AB9 /* Sources */ = {
			isa = PBXSourcesBuildPhase;
			buildActionMask = 2147483647;
			files = (
				838246441FC556C800995AB9 /* TBGFTests.m in Sources */,
			);
			runOnlyForDeploymentPostprocessing = 0;
		};
		838246461FC556C800995AB9 /* Sources */ = {
			isa = PBXSourcesBuildPhase;
			buildActionMask = 2147483647;
			files = (
				8382464F1FC556C800995AB9 /* TBGFUITests.m in Sources */,
			);
			runOnlyForDeploymentPostprocessing = 0;
		};
/* End PBXSourcesBuildPhase section */

/* Begin PBXTargetDependency section */
		838246411FC556C800995AB9 /* PBXTargetDependency */ = {
			isa = PBXTargetDependency;
			target = 838246261FC556C800995AB9 /* TBGF */;
			targetProxy = 838246401FC556C800995AB9 /* PBXContainerItemProxy */;
		};
		8382464C1FC556C800995AB9 /* PBXTargetDependency */ = {
			isa = PBXTargetDependency;
			target = 838246261FC556C800995AB9 /* TBGF */;
			targetProxy = 8382464B1FC556C800995AB9 /* PBXContainerItemProxy */;
		};
/* End PBXTargetDependency section */

/* Begin PBXVariantGroup section */
		838246301FC556C800995AB9 /* Main.storyboard */ = {
			isa = PBXVariantGroup;
			children = (
				838246311FC556C800995AB9 /* Base */,
			);
			name = Main.storyboard;
			sourceTree = "<group>";
		};
		838246351FC556C800995AB9 /* LaunchScreen.storyboard */ = {
			isa = PBXVariantGroup;
			children = (
				838246361FC556C800995AB9 /* Base */,
			);
			name = LaunchScreen.storyboard;
			sourceTree = "<group>";
		};
/* End PBXVariantGroup section */

/* Begin XCBuildConfiguration section */
		838246511FC556C800995AB9 /* Debug */ = {
			isa = XCBuildConfiguration;
			buildSettings = {
				ALWAYS_SEARCH_USER_PATHS = NO;
				CLANG_ANALYZER_NONNULL = YES;
				CLANG_ANALYZER_NUMBER_OBJECT_CONVERSION = YES_AGGRESSIVE;
				CLANG_CXX_LANGUAGE_STANDARD = "gnu++14";
				CLANG_CXX_LIBRARY = "libc++";
				CLANG_ENABLE_MODULES = YES;
				CLANG_ENABLE_OBJC_ARC = YES;
				CLANG_WARN_BLOCK_CAPTURE_AUTORELEASING = YES;
				CLANG_WARN_BOOL_CONVERSION = YES;
				CLANG_WARN_COMMA = YES;
				CLANG_WARN_CONSTANT_CONVERSION = YES;
				CLANG_WARN_DIRECT_OBJC_ISA_USAGE = YES_ERROR;
				CLANG_WARN_DOCUMENTATION_COMMENTS = YES;
				CLANG_WARN_EMPTY_BODY = YES;
				CLANG_WARN_ENUM_CONVERSION = YES;
				CLANG_WARN_INFINITE_RECURSION = YES;
				CLANG_WARN_INT_CONVERSION = YES;
				CLANG_WARN_NON_LITERAL_NULL_CONVERSION = YES;
				CLANG_WARN_OBJC_LITERAL_CONVERSION = YES;
				CLANG_WARN_OBJC_ROOT_CLASS = YES_ERROR;
				CLANG_WARN_RANGE_LOOP_ANALYSIS = YES;
				CLANG_WARN_STRICT_PROTOTYPES = YES;
				CLANG_WARN_SUSPICIOUS_MOVE = YES;
				CLANG_WARN_UNGUARDED_AVAILABILITY = YES_AGGRESSIVE;
				CLANG_WARN_UNREACHABLE_CODE = YES;
				CLANG_WARN__DUPLICATE_METHOD_MATCH = YES;
				CODE_SIGN_IDENTITY = "iPhone Developer";
				COPY_PHASE_STRIP = NO;
				DEBUG_INFORMATION_FORMAT = dwarf;
				ENABLE_STRICT_OBJC_MSGSEND = YES;
				ENABLE_TESTABILITY = YES;
				GCC_C_LANGUAGE_STANDARD = gnu11;
				GCC_DYNAMIC_NO_PIC = NO;
				GCC_NO_COMMON_BLOCKS = YES;
				GCC_OPTIMIZATION_LEVEL = 0;
				GCC_PREPROCESSOR_DEFINITIONS = (
					"DEBUG=1",
					"$(inherited)",
				);
				GCC_WARN_64_TO_32_BIT_CONVERSION = YES;
				GCC_WARN_ABOUT_RETURN_TYPE = YES_ERROR;
				GCC_WARN_UNDECLARED_SELECTOR = YES;
				GCC_WARN_UNINITIALIZED_AUTOS = YES_AGGRESSIVE;
				GCC_WARN_UNUSED_FUNCTION = YES;
				GCC_WARN_UNUSED_VARIABLE = YES;
				IPHONEOS_DEPLOYMENT_TARGET = 11.0;
				MTL_ENABLE_DEBUG_INFO = YES;
				ONLY_ACTIVE_ARCH = YES;
				SDKROOT = iphoneos;
			};
			name = Debug;
		};
		838246521FC556C800995AB9 /* Release */ = {
			isa = XCBuildConfiguration;
			buildSettings = {
				ALWAYS_SEARCH_USER_PATHS = NO;
				CLANG_ANALYZER_NONNULL = YES;
				CLANG_ANALYZER_NUMBER_OBJECT_CONVERSION = YES_AGGRESSIVE;
				CLANG_CXX_LANGUAGE_STANDARD = "gnu++14";
				CLANG_CXX_LIBRARY = "libc++";
				CLANG_ENABLE_MODULES = YES;
				CLANG_ENABLE_OBJC_ARC = YES;
				CLANG_WARN_BLOCK_CAPTURE_AUTORELEASING = YES;
				CLANG_WARN_BOOL_CONVERSION = YES;
				CLANG_WARN_COMMA = YES;
				CLANG_WARN_CONSTANT_CONVERSION = YES;
				CLANG_WARN_DIRECT_OBJC_ISA_USAGE = YES_ERROR;
				CLANG_WARN_DOCUMENTATION_COMMENTS = YES;
				CLANG_WARN_EMPTY_BODY = YES;
				CLANG_WARN_ENUM_CONVERSION = YES;
				CLANG_WARN_INFINITE_RECURSION = YES;
				CLANG_WARN_INT_CONVERSION = YES;
				CLANG_WARN_NON_LITERAL_NULL_CONVERSION = YES;
				CLANG_WARN_OBJC_LITERAL_CONVERSION = YES;
				CLANG_WARN_OBJC_ROOT_CLASS = YES_ERROR;
				CLANG_WARN_RANGE_LOOP_ANALYSIS = YES;
				CLANG_WARN_STRICT_PROTOTYPES = YES;
				CLANG_WARN_SUSPICIOUS_MOVE = YES;
				CLANG_WARN_UNGUARDED_AVAILABILITY = YES_AGGRESSIVE;
				CLANG_WARN_UNREACHABLE_CODE = YES;
				CLANG_WARN__DUPLICATE_METHOD_MATCH = YES;
				CODE_SIGN_IDENTITY = "iPhone Developer";
				COPY_PHASE_STRIP = NO;
				DEBUG_INFORMATION_FORMAT = "dwarf-with-dsym";
				ENABLE_NS_ASSERTIONS = NO;
				ENABLE_STRICT_OBJC_MSGSEND = YES;
				GCC_C_LANGUAGE_STANDARD = gnu11;
				GCC_NO_COMMON_BLOCKS = YES;
				GCC_WARN_64_TO_32_BIT_CONVERSION = YES;
				GCC_WARN_ABOUT_RETURN_TYPE = YES_ERROR;
				GCC_WARN_UNDECLARED_SELECTOR = YES;
				GCC_WARN_UNINITIALIZED_AUTOS = YES_AGGRESSIVE;
				GCC_WARN_UNUSED_FUNCTION = YES;
				GCC_WARN_UNUSED_VARIABLE = YES;
				IPHONEOS_DEPLOYMENT_TARGET = 11.0;
				MTL_ENABLE_DEBUG_INFO = NO;
				SDKROOT = iphoneos;
				VALIDATE_PRODUCT = YES;
			};
			name = Release;
		};
		838246541FC556C800995AB9 /* Debug */ = {
			isa = XCBuildConfiguration;
			baseConfigurationReference = 549D9160A8F8BAE875A1A0BE /* Pods-TBGF.debug.xcconfig */;
			buildSettings = {
				ASSETCATALOG_COMPILER_APPICON_NAME = AppIcon;
				CODE_SIGN_STYLE = Automatic;
				DEVELOPMENT_TEAM = 2L95K8W66M;
				INFOPLIST_FILE = TBGF/Info.plist;
				LD_RUNPATH_SEARCH_PATHS = "$(inherited) @executable_path/Frameworks";
				PRODUCT_BUNDLE_IDENTIFIER = zhongtaihulian;
				PRODUCT_NAME = "$(TARGET_NAME)";
				TARGETED_DEVICE_FAMILY = "1,2";
				"WARNING_CFLAGS[arch=*]" = "-Wno-documentation";
			};
			name = Debug;
		};
		838246551FC556C800995AB9 /* Release */ = {
			isa = XCBuildConfiguration;
			baseConfigurationReference = EC777B498D19C256ED6EA8F7 /* Pods-TBGF.release.xcconfig */;
			buildSettings = {
				ASSETCATALOG_COMPILER_APPICON_NAME = AppIcon;
				CODE_SIGN_STYLE = Automatic;
				DEVELOPMENT_TEAM = 2L95K8W66M;
				INFOPLIST_FILE = TBGF/Info.plist;
				LD_RUNPATH_SEARCH_PATHS = "$(inherited) @executable_path/Frameworks";
				PRODUCT_BUNDLE_IDENTIFIER = zhongtaihulian;
				PRODUCT_NAME = "$(TARGET_NAME)";
				TARGETED_DEVICE_FAMILY = "1,2";
				WARNING_CFLAGS = "-Wno-documentation";
			};
			name = Release;
		};
		838246571FC556C800995AB9 /* Debug */ = {
			isa = XCBuildConfiguration;
			buildSettings = {
				BUNDLE_LOADER = "$(TEST_HOST)";
				CODE_SIGN_STYLE = Automatic;
				INFOPLIST_FILE = TBGFTests/Info.plist;
				LD_RUNPATH_SEARCH_PATHS = "$(inherited) @executable_path/Frameworks @loader_path/Frameworks";
				PRODUCT_BUNDLE_IDENTIFIER = "---.TBGFTests";
				PRODUCT_NAME = "$(TARGET_NAME)";
				TARGETED_DEVICE_FAMILY = "1,2";
				TEST_HOST = "$(BUILT_PRODUCTS_DIR)/TBGF.app/TBGF";
			};
			name = Debug;
		};
		838246581FC556C800995AB9 /* Release */ = {
			isa = XCBuildConfiguration;
			buildSettings = {
				BUNDLE_LOADER = "$(TEST_HOST)";
				CODE_SIGN_STYLE = Automatic;
				INFOPLIST_FILE = TBGFTests/Info.plist;
				LD_RUNPATH_SEARCH_PATHS = "$(inherited) @executable_path/Frameworks @loader_path/Frameworks";
				PRODUCT_BUNDLE_IDENTIFIER = "---.TBGFTests";
				PRODUCT_NAME = "$(TARGET_NAME)";
				TARGETED_DEVICE_FAMILY = "1,2";
				TEST_HOST = "$(BUILT_PRODUCTS_DIR)/TBGF.app/TBGF";
			};
			name = Release;
		};
		8382465A1FC556C800995AB9 /* Debug */ = {
			isa = XCBuildConfiguration;
			buildSettings = {
				CODE_SIGN_STYLE = Automatic;
				INFOPLIST_FILE = TBGFUITests/Info.plist;
				LD_RUNPATH_SEARCH_PATHS = "$(inherited) @executable_path/Frameworks @loader_path/Frameworks";
				PRODUCT_BUNDLE_IDENTIFIER = "---.TBGFUITests";
				PRODUCT_NAME = "$(TARGET_NAME)";
				TARGETED_DEVICE_FAMILY = "1,2";
				TEST_TARGET_NAME = TBGF;
			};
			name = Debug;
		};
		8382465B1FC556C800995AB9 /* Release */ = {
			isa = XCBuildConfiguration;
			buildSettings = {
				CODE_SIGN_STYLE = Automatic;
				INFOPLIST_FILE = TBGFUITests/Info.plist;
				LD_RUNPATH_SEARCH_PATHS = "$(inherited) @executable_path/Frameworks @loader_path/Frameworks";
				PRODUCT_BUNDLE_IDENTIFIER = "---.TBGFUITests";
				PRODUCT_NAME = "$(TARGET_NAME)";
				TARGETED_DEVICE_FAMILY = "1,2";
				TEST_TARGET_NAME = TBGF;
			};
			name = Release;
		};
/* End XCBuildConfiguration section */

/* Begin XCConfigurationList section */
		838246221FC556C700995AB9 /* Build configuration list for PBXProject "TBGF" */ = {
			isa = XCConfigurationList;
			buildConfigurations = (
				838246511FC556C800995AB9 /* Debug */,
				838246521FC556C800995AB9 /* Release */,
			);
			defaultConfigurationIsVisible = 0;
			defaultConfigurationName = Release;
		};
		838246531FC556C800995AB9 /* Build configuration list for PBXNativeTarget "TBGF" */ = {
			isa = XCConfigurationList;
			buildConfigurations = (
				838246541FC556C800995AB9 /* Debug */,
				838246551FC556C800995AB9 /* Release */,
			);
			defaultConfigurationIsVisible = 0;
			defaultConfigurationName = Release;
		};
		838246561FC556C800995AB9 /* Build configuration list for PBXNativeTarget "TBGFTests" */ = {
			isa = XCConfigurationList;
			buildConfigurations = (
				838246571FC556C800995AB9 /* Debug */,
				838246581FC556C800995AB9 /* Release */,
			);
			defaultConfigurationIsVisible = 0;
			defaultConfigurationName = Release;
		};
		838246591FC556C800995AB9 /* Build configuration list for PBXNativeTarget "TBGFUITests" */ = {
			isa = XCConfigurationList;
			buildConfigurations = (
				8382465A1FC556C800995AB9 /* Debug */,
				8382465B1FC556C800995AB9 /* Release */,
			);
			defaultConfigurationIsVisible = 0;
			defaultConfigurationName = Release;
		};
/* End XCConfigurationList section */
	};
	rootObject = 8382461F1FC556C700995AB9 /* Project object */;
}
